// !$*UTF8*$!
{
	archiveVersion = 1;
	classes = {
	};
	objectVersion = 56;
	objects = {

/* Begin PBXBuildFile section */
		100182F32B7AAA440024813A /* CollectionView.swift in Sources */ = {isa = PBXBuildFile; fileRef = 100182F22B7AAA440024813A /* CollectionView.swift */; };
		100A1E2C2B7151C400AAC1E8 /* MyView.swift in Sources */ = {isa = PBXBuildFile; fileRef = 100A1E2B2B7151C400AAC1E8 /* MyView.swift */; };
		100A1E2E2B71576B00AAC1E8 /* UploadView.swift in Sources */ = {isa = PBXBuildFile; fileRef = 100A1E2D2B71576B00AAC1E8 /* UploadView.swift */; };
		107D6E5F2B78DB61005B6261 /* FontManager.swift in Sources */ = {isa = PBXBuildFile; fileRef = 107D6E5E2B78DB61005B6261 /* FontManager.swift */; };
		107D6E612B78DE9E005B6261 /* Pretendard-Medium.ttf in Resources */ = {isa = PBXBuildFile; fileRef = FF018E982B77F864006D5627 /* Pretendard-Medium.ttf */; };
		107D6E622B78DEA0005B6261 /* Pretendard-SemiBold.ttf in Resources */ = {isa = PBXBuildFile; fileRef = FF018E972B77F864006D5627 /* Pretendard-SemiBold.ttf */; };
		107D6E632B78DEA2005B6261 /* Pretendard-ExtraBold.ttf in Resources */ = {isa = PBXBuildFile; fileRef = FF018E962B77F861006D5627 /* Pretendard-ExtraBold.ttf */; };
		107D6E662B78E39B005B6261 /* Pretendard-Bold.ttf in Resources */ = {isa = PBXBuildFile; fileRef = 107D6E652B78E39B005B6261 /* Pretendard-Bold.ttf */; };
		FF018E802B75321B006D5627 /* DotchiCircleUIButton.swift in Sources */ = {isa = PBXBuildFile; fileRef = FF018E7F2B75321B006D5627 /* DotchiCircleUIButton.swift */; };
		FF018E942B77F2E6006D5627 /* UIFont+.swift in Sources */ = {isa = PBXBuildFile; fileRef = FF018E932B77F2E6006D5627 /* UIFont+.swift */; };
		FF018E9B2B77F95F006D5627 /* BrowseViewController.swift in Sources */ = {isa = PBXBuildFile; fileRef = FF018E9A2B77F95F006D5627 /* BrowseViewController.swift */; };
		FF018E9D2B77F9D7006D5627 /* UIView+.swift in Sources */ = {isa = PBXBuildFile; fileRef = FF018E9C2B77F9D7006D5627 /* UIView+.swift */; };
		FF018EA02B77FA6C006D5627 /* DotchiNavigationUIView.swift in Sources */ = {isa = PBXBuildFile; fileRef = FF018E9F2B77FA6C006D5627 /* DotchiNavigationUIView.swift */; };
		FF018EA22B77FE3B006D5627 /* UIButton+.swift in Sources */ = {isa = PBXBuildFile; fileRef = FF018EA12B77FE3B006D5627 /* UIButton+.swift */; };
		FF018EA52B7803CE006D5627 /* UIViewControllerToSwiftUI.swift in Sources */ = {isa = PBXBuildFile; fileRef = FF018EA42B7803CE006D5627 /* UIViewControllerToSwiftUI.swift */; };
		FF83227F2B7BCAC80069D68A /* UILabel+.swift in Sources */ = {isa = PBXBuildFile; fileRef = FF83227E2B7BCAC80069D68A /* UILabel+.swift */; };
		FF8322812B7BD2190069D68A /* DotchiSortUIButton.swift in Sources */ = {isa = PBXBuildFile; fileRef = FF8322802B7BD2190069D68A /* DotchiSortUIButton.swift */; };
		FF8322832B7C540B0069D68A /* CardSortType.swift in Sources */ = {isa = PBXBuildFile; fileRef = FF8322822B7C540B0069D68A /* CardSortType.swift */; };
		FF8322852B7C58A60069D68A /* UICollectionView+.swift in Sources */ = {isa = PBXBuildFile; fileRef = FF8322842B7C58A60069D68A /* UICollectionView+.swift */; };
		FF8322872B7C58BD0069D68A /* Adjusted+.swift in Sources */ = {isa = PBXBuildFile; fileRef = FF8322862B7C58BD0069D68A /* Adjusted+.swift */; };
		FF83228A2B7C59540069D68A /* BrowseUICollectionViewCell.swift in Sources */ = {isa = PBXBuildFile; fileRef = FF8322892B7C59540069D68A /* BrowseUICollectionViewCell.swift */; };
		FF83228C2B7C5AE00069D68A /* CardFrontUIView.swift in Sources */ = {isa = PBXBuildFile; fileRef = FF83228B2B7C5AE00069D68A /* CardFrontUIView.swift */; };
		FF83228E2B7C96100069D68A /* CardProfileUIView.swift in Sources */ = {isa = PBXBuildFile; fileRef = FF83228D2B7C96100069D68A /* CardProfileUIView.swift */; };
		FF8322902B7CA1FC0069D68A /* CardHeadType.swift in Sources */ = {isa = PBXBuildFile; fileRef = FF83228F2B7CA1FC0069D68A /* CardHeadType.swift */; };
		FF8322932B7CAC4E0069D68A /* CardUserEntity.swift in Sources */ = {isa = PBXBuildFile; fileRef = FF8322922B7CAC4E0069D68A /* CardUserEntity.swift */; };
		FF8322952B7CACE00069D68A /* UIImageView+.swift in Sources */ = {isa = PBXBuildFile; fileRef = FF8322942B7CACE00069D68A /* UIImageView+.swift */; };
		FF8322972B7CCBC80069D68A /* CardFrontEntity.swift in Sources */ = {isa = PBXBuildFile; fileRef = FF8322962B7CCBC80069D68A /* CardFrontEntity.swift */; };
		FF8322992B7CD1580069D68A /* UIStackView+.swift in Sources */ = {isa = PBXBuildFile; fileRef = FF8322982B7CD1580069D68A /* UIStackView+.swift */; };
		FF83229B2B7CD2250069D68A /* ClassNameProtocol.swift in Sources */ = {isa = PBXBuildFile; fileRef = FF83229A2B7CD2250069D68A /* ClassNameProtocol.swift */; };
		FFAA7D332B70F36600C7620E /* DOTCHIApp.swift in Sources */ = {isa = PBXBuildFile; fileRef = FFAA7D322B70F36600C7620E /* DOTCHIApp.swift */; };
		FFAA7D352B70F36600C7620E /* ContentView.swift in Sources */ = {isa = PBXBuildFile; fileRef = FFAA7D342B70F36600C7620E /* ContentView.swift */; };
		FFAA7D372B70F36700C7620E /* Assets.xcassets in Resources */ = {isa = PBXBuildFile; fileRef = FFAA7D362B70F36700C7620E /* Assets.xcassets */; };
		FFAA7D3A2B70F36700C7620E /* Preview Assets.xcassets in Resources */ = {isa = PBXBuildFile; fileRef = FFAA7D392B70F36700C7620E /* Preview Assets.xcassets */; };
		FFAA7D422B70F42200C7620E /* SnapKit in Frameworks */ = {isa = PBXBuildFile; productRef = FFAA7D412B70F42200C7620E /* SnapKit */; };
		FFAA7D452B70F44500C7620E /* KeychainSwift in Frameworks */ = {isa = PBXBuildFile; productRef = FFAA7D442B70F44500C7620E /* KeychainSwift */; };
		FFD593FE2B70FCDD003F1F3C /* CombineMoya in Frameworks */ = {isa = PBXBuildFile; productRef = FFD593FD2B70FCDD003F1F3C /* CombineMoya */; };
		FFD594002B70FCDD003F1F3C /* Moya in Frameworks */ = {isa = PBXBuildFile; productRef = FFD593FF2B70FCDD003F1F3C /* Moya */; };
		FFD594022B70FCDD003F1F3C /* ReactiveMoya in Frameworks */ = {isa = PBXBuildFile; productRef = FFD594012B70FCDD003F1F3C /* ReactiveMoya */; };
		FFD594042B70FCDD003F1F3C /* RxMoya in Frameworks */ = {isa = PBXBuildFile; productRef = FFD594032B70FCDD003F1F3C /* RxMoya */; };
		FFD594182B70FF2A003F1F3C /* Environment.swift in Sources */ = {isa = PBXBuildFile; fileRef = FFD594172B70FF2A003F1F3C /* Environment.swift */; };
		FFD5941E2B70FF66003F1F3C /* AuthRouter.swift in Sources */ = {isa = PBXBuildFile; fileRef = FFD5941D2B70FF66003F1F3C /* AuthRouter.swift */; };
		FFD594202B710135003F1F3C /* BaseService.swift in Sources */ = {isa = PBXBuildFile; fileRef = FFD5941F2B710135003F1F3C /* BaseService.swift */; };
		FFD594222B710147003F1F3C /* AuthService.swift in Sources */ = {isa = PBXBuildFile; fileRef = FFD594212B710147003F1F3C /* AuthService.swift */; };
		FFD594242B710166003F1F3C /* APIConstants.swift in Sources */ = {isa = PBXBuildFile; fileRef = FFD594232B710166003F1F3C /* APIConstants.swift */; };
		FFD594262B710173003F1F3C /* BaseResponseType.swift in Sources */ = {isa = PBXBuildFile; fileRef = FFD594252B710173003F1F3C /* BaseResponseType.swift */; };
		FFD594282B710183003F1F3C /* DotchiMoyaProvider.swift in Sources */ = {isa = PBXBuildFile; fileRef = FFD594272B710183003F1F3C /* DotchiMoyaProvider.swift */; };
		FFD5942A2B7101A2003F1F3C /* NetworkResult.swift in Sources */ = {isa = PBXBuildFile; fileRef = FFD594292B7101A2003F1F3C /* NetworkResult.swift */; };
		FFD5942F2B7101D0003F1F3C /* SocialLoginResponseDTO.swift in Sources */ = {isa = PBXBuildFile; fileRef = FFD5942E2B7101D0003F1F3C /* SocialLoginResponseDTO.swift */; };
		FFD594312B7101E1003F1F3C /* SocialLoginRequestDTO.swift in Sources */ = {isa = PBXBuildFile; fileRef = FFD594302B7101E1003F1F3C /* SocialLoginRequestDTO.swift */; };
		FFD594332B710218003F1F3C /* NetworkLoggerPlugin.swift in Sources */ = {isa = PBXBuildFile; fileRef = FFD594322B710218003F1F3C /* NetworkLoggerPlugin.swift */; };
		FFD594362B710311003F1F3C /* Colorsets.xcassets in Resources */ = {isa = PBXBuildFile; fileRef = FFD594352B710311003F1F3C /* Colorsets.xcassets */; };
		FFD5943A2B710367003F1F3C /* HomeView.swift in Sources */ = {isa = PBXBuildFile; fileRef = FFD594392B710367003F1F3C /* HomeView.swift */; };
		FFD594452B7103D8003F1F3C /* UserInfo.swift in Sources */ = {isa = PBXBuildFile; fileRef = FFD594442B7103D8003F1F3C /* UserInfo.swift */; };
		FFD594472B7103EF003F1F3C /* ImageCacheManager.swift in Sources */ = {isa = PBXBuildFile; fileRef = FFD594462B7103EF003F1F3C /* ImageCacheManager.swift */; };
		FFD594492B710411003F1F3C /* BaseViewController.swift in Sources */ = {isa = PBXBuildFile; fileRef = FFD594482B710411003F1F3C /* BaseViewController.swift */; };
		FFD5944B2B710457003F1F3C /* LuckyType.swift in Sources */ = {isa = PBXBuildFile; fileRef = FFD5944A2B710457003F1F3C /* LuckyType.swift */; };
		FFD5944F2B710475003F1F3C /* UIViewcontroller+.swift in Sources */ = {isa = PBXBuildFile; fileRef = FFD5944E2B710475003F1F3C /* UIViewcontroller+.swift */; };
/* End PBXBuildFile section */

/* Begin PBXCopyFilesBuildPhase section */
		FFAA7D5C2B70F49100C7620E /* Embed Frameworks */ = {
			isa = PBXCopyFilesBuildPhase;
			buildActionMask = 2147483647;
			dstPath = "";
			dstSubfolderSpec = 10;
			files = (
			);
			name = "Embed Frameworks";
			runOnlyForDeploymentPostprocessing = 0;
		};
/* End PBXCopyFilesBuildPhase section */

/* Begin PBXFileReference section */
		100182F22B7AAA440024813A /* CollectionView.swift */ = {isa = PBXFileReference; lastKnownFileType = sourcecode.swift; path = CollectionView.swift; sourceTree = "<group>"; };
		100A1E2B2B7151C400AAC1E8 /* MyView.swift */ = {isa = PBXFileReference; lastKnownFileType = sourcecode.swift; path = MyView.swift; sourceTree = "<group>"; };
		100A1E2D2B71576B00AAC1E8 /* UploadView.swift */ = {isa = PBXFileReference; lastKnownFileType = sourcecode.swift; path = UploadView.swift; sourceTree = "<group>"; };
		107D6E5E2B78DB61005B6261 /* FontManager.swift */ = {isa = PBXFileReference; lastKnownFileType = sourcecode.swift; path = FontManager.swift; sourceTree = "<group>"; };
		107D6E652B78E39B005B6261 /* Pretendard-Bold.ttf */ = {isa = PBXFileReference; lastKnownFileType = file; path = "Pretendard-Bold.ttf"; sourceTree = "<group>"; };
		FF018E7F2B75321B006D5627 /* DotchiCircleUIButton.swift */ = {isa = PBXFileReference; lastKnownFileType = sourcecode.swift; path = DotchiCircleUIButton.swift; sourceTree = "<group>"; };
		FF018E922B77F243006D5627 /* Info.plist */ = {isa = PBXFileReference; lastKnownFileType = text.plist; path = Info.plist; sourceTree = "<group>"; };
		FF018E932B77F2E6006D5627 /* UIFont+.swift */ = {isa = PBXFileReference; lastKnownFileType = sourcecode.swift; path = "UIFont+.swift"; sourceTree = "<group>"; };
		FF018E962B77F861006D5627 /* Pretendard-ExtraBold.ttf */ = {isa = PBXFileReference; lastKnownFileType = file; name = "Pretendard-ExtraBold.ttf"; path = "DOTCHI/Resources/Fonts/Pretendard-ExtraBold.ttf"; sourceTree = SOURCE_ROOT; };
		FF018E972B77F864006D5627 /* Pretendard-SemiBold.ttf */ = {isa = PBXFileReference; lastKnownFileType = file; name = "Pretendard-SemiBold.ttf"; path = "DOTCHI/Resources/Fonts/Pretendard-SemiBold.ttf"; sourceTree = SOURCE_ROOT; };
		FF018E982B77F864006D5627 /* Pretendard-Medium.ttf */ = {isa = PBXFileReference; lastKnownFileType = file; name = "Pretendard-Medium.ttf"; path = "DOTCHI/Resources/Fonts/Pretendard-Medium.ttf"; sourceTree = SOURCE_ROOT; };
		FF018E9A2B77F95F006D5627 /* BrowseViewController.swift */ = {isa = PBXFileReference; lastKnownFileType = sourcecode.swift; path = BrowseViewController.swift; sourceTree = "<group>"; };
		FF018E9C2B77F9D7006D5627 /* UIView+.swift */ = {isa = PBXFileReference; lastKnownFileType = sourcecode.swift; path = "UIView+.swift"; sourceTree = "<group>"; };
		FF018E9F2B77FA6C006D5627 /* DotchiNavigationUIView.swift */ = {isa = PBXFileReference; lastKnownFileType = sourcecode.swift; path = DotchiNavigationUIView.swift; sourceTree = "<group>"; };
		FF018EA12B77FE3B006D5627 /* UIButton+.swift */ = {isa = PBXFileReference; lastKnownFileType = sourcecode.swift; path = "UIButton+.swift"; sourceTree = "<group>"; };
		FF018EA42B7803CE006D5627 /* UIViewControllerToSwiftUI.swift */ = {isa = PBXFileReference; lastKnownFileType = sourcecode.swift; path = UIViewControllerToSwiftUI.swift; sourceTree = "<group>"; };
		FF83227E2B7BCAC80069D68A /* UILabel+.swift */ = {isa = PBXFileReference; lastKnownFileType = sourcecode.swift; path = "UILabel+.swift"; sourceTree = "<group>"; };
		FF8322802B7BD2190069D68A /* DotchiSortUIButton.swift */ = {isa = PBXFileReference; lastKnownFileType = sourcecode.swift; path = DotchiSortUIButton.swift; sourceTree = "<group>"; };
		FF8322822B7C540B0069D68A /* CardSortType.swift */ = {isa = PBXFileReference; lastKnownFileType = sourcecode.swift; path = CardSortType.swift; sourceTree = "<group>"; };
		FF8322842B7C58A60069D68A /* UICollectionView+.swift */ = {isa = PBXFileReference; lastKnownFileType = sourcecode.swift; path = "UICollectionView+.swift"; sourceTree = "<group>"; };
		FF8322862B7C58BD0069D68A /* Adjusted+.swift */ = {isa = PBXFileReference; lastKnownFileType = sourcecode.swift; path = "Adjusted+.swift"; sourceTree = "<group>"; };
		FF8322892B7C59540069D68A /* BrowseUICollectionViewCell.swift */ = {isa = PBXFileReference; lastKnownFileType = sourcecode.swift; path = BrowseUICollectionViewCell.swift; sourceTree = "<group>"; };
		FF83228B2B7C5AE00069D68A /* CardFrontUIView.swift */ = {isa = PBXFileReference; lastKnownFileType = sourcecode.swift; path = CardFrontUIView.swift; sourceTree = "<group>"; };
		FF83228D2B7C96100069D68A /* CardProfileUIView.swift */ = {isa = PBXFileReference; lastKnownFileType = sourcecode.swift; path = CardProfileUIView.swift; sourceTree = "<group>"; };
		FF83228F2B7CA1FC0069D68A /* CardHeadType.swift */ = {isa = PBXFileReference; lastKnownFileType = sourcecode.swift; path = CardHeadType.swift; sourceTree = "<group>"; };
		FF8322922B7CAC4E0069D68A /* CardUserEntity.swift */ = {isa = PBXFileReference; lastKnownFileType = sourcecode.swift; path = CardUserEntity.swift; sourceTree = "<group>"; };
		FF8322942B7CACE00069D68A /* UIImageView+.swift */ = {isa = PBXFileReference; lastKnownFileType = sourcecode.swift; path = "UIImageView+.swift"; sourceTree = "<group>"; };
		FF8322962B7CCBC80069D68A /* CardFrontEntity.swift */ = {isa = PBXFileReference; lastKnownFileType = sourcecode.swift; path = CardFrontEntity.swift; sourceTree = "<group>"; };
		FF8322982B7CD1580069D68A /* UIStackView+.swift */ = {isa = PBXFileReference; lastKnownFileType = sourcecode.swift; path = "UIStackView+.swift"; sourceTree = "<group>"; };
		FF83229A2B7CD2250069D68A /* ClassNameProtocol.swift */ = {isa = PBXFileReference; lastKnownFileType = sourcecode.swift; path = ClassNameProtocol.swift; sourceTree = "<group>"; };
		FFAA7D2F2B70F36600C7620E /* DOTCHI.app */ = {isa = PBXFileReference; explicitFileType = wrapper.application; includeInIndex = 0; path = DOTCHI.app; sourceTree = BUILT_PRODUCTS_DIR; };
		FFAA7D322B70F36600C7620E /* DOTCHIApp.swift */ = {isa = PBXFileReference; lastKnownFileType = sourcecode.swift; path = DOTCHIApp.swift; sourceTree = "<group>"; };
		FFAA7D342B70F36600C7620E /* ContentView.swift */ = {isa = PBXFileReference; lastKnownFileType = sourcecode.swift; path = ContentView.swift; sourceTree = "<group>"; };
		FFAA7D362B70F36700C7620E /* Assets.xcassets */ = {isa = PBXFileReference; lastKnownFileType = folder.assetcatalog; path = Assets.xcassets; sourceTree = "<group>"; };
		FFAA7D392B70F36700C7620E /* Preview Assets.xcassets */ = {isa = PBXFileReference; lastKnownFileType = folder.assetcatalog; path = "Preview Assets.xcassets"; sourceTree = "<group>"; };
		FFD594172B70FF2A003F1F3C /* Environment.swift */ = {isa = PBXFileReference; lastKnownFileType = sourcecode.swift; path = Environment.swift; sourceTree = "<group>"; };
		FFD5941D2B70FF66003F1F3C /* AuthRouter.swift */ = {isa = PBXFileReference; lastKnownFileType = sourcecode.swift; path = AuthRouter.swift; sourceTree = "<group>"; };
		FFD5941F2B710135003F1F3C /* BaseService.swift */ = {isa = PBXFileReference; lastKnownFileType = sourcecode.swift; path = BaseService.swift; sourceTree = "<group>"; };
		FFD594212B710147003F1F3C /* AuthService.swift */ = {isa = PBXFileReference; lastKnownFileType = sourcecode.swift; path = AuthService.swift; sourceTree = "<group>"; };
		FFD594232B710166003F1F3C /* APIConstants.swift */ = {isa = PBXFileReference; lastKnownFileType = sourcecode.swift; path = APIConstants.swift; sourceTree = "<group>"; };
		FFD594252B710173003F1F3C /* BaseResponseType.swift */ = {isa = PBXFileReference; lastKnownFileType = sourcecode.swift; path = BaseResponseType.swift; sourceTree = "<group>"; };
		FFD594272B710183003F1F3C /* DotchiMoyaProvider.swift */ = {isa = PBXFileReference; lastKnownFileType = sourcecode.swift; path = DotchiMoyaProvider.swift; sourceTree = "<group>"; };
		FFD594292B7101A2003F1F3C /* NetworkResult.swift */ = {isa = PBXFileReference; lastKnownFileType = sourcecode.swift; path = NetworkResult.swift; sourceTree = "<group>"; };
		FFD5942E2B7101D0003F1F3C /* SocialLoginResponseDTO.swift */ = {isa = PBXFileReference; lastKnownFileType = sourcecode.swift; path = SocialLoginResponseDTO.swift; sourceTree = "<group>"; };
		FFD594302B7101E1003F1F3C /* SocialLoginRequestDTO.swift */ = {isa = PBXFileReference; lastKnownFileType = sourcecode.swift; path = SocialLoginRequestDTO.swift; sourceTree = "<group>"; };
		FFD594322B710218003F1F3C /* NetworkLoggerPlugin.swift */ = {isa = PBXFileReference; lastKnownFileType = sourcecode.swift; path = NetworkLoggerPlugin.swift; sourceTree = "<group>"; };
		FFD594352B710311003F1F3C /* Colorsets.xcassets */ = {isa = PBXFileReference; lastKnownFileType = folder.assetcatalog; path = Colorsets.xcassets; sourceTree = "<group>"; };
		FFD594392B710367003F1F3C /* HomeView.swift */ = {isa = PBXFileReference; lastKnownFileType = sourcecode.swift; path = HomeView.swift; sourceTree = "<group>"; };
		FFD594442B7103D8003F1F3C /* UserInfo.swift */ = {isa = PBXFileReference; lastKnownFileType = sourcecode.swift; path = UserInfo.swift; sourceTree = "<group>"; };
		FFD594462B7103EF003F1F3C /* ImageCacheManager.swift */ = {isa = PBXFileReference; lastKnownFileType = sourcecode.swift; path = ImageCacheManager.swift; sourceTree = "<group>"; };
		FFD594482B710411003F1F3C /* BaseViewController.swift */ = {isa = PBXFileReference; lastKnownFileType = sourcecode.swift; path = BaseViewController.swift; sourceTree = "<group>"; };
		FFD5944A2B710457003F1F3C /* LuckyType.swift */ = {isa = PBXFileReference; lastKnownFileType = sourcecode.swift; path = LuckyType.swift; sourceTree = "<group>"; };
		FFD5944E2B710475003F1F3C /* UIViewcontroller+.swift */ = {isa = PBXFileReference; lastKnownFileType = sourcecode.swift; path = "UIViewcontroller+.swift"; sourceTree = "<group>"; };
/* End PBXFileReference section */

/* Begin PBXFrameworksBuildPhase section */
		FFAA7D2C2B70F36600C7620E /* Frameworks */ = {
			isa = PBXFrameworksBuildPhase;
			buildActionMask = 2147483647;
			files = (
				FFD594042B70FCDD003F1F3C /* RxMoya in Frameworks */,
				FFAA7D452B70F44500C7620E /* KeychainSwift in Frameworks */,
				FFAA7D422B70F42200C7620E /* SnapKit in Frameworks */,
				FFD594002B70FCDD003F1F3C /* Moya in Frameworks */,
				FFD594022B70FCDD003F1F3C /* ReactiveMoya in Frameworks */,
				FFD593FE2B70FCDD003F1F3C /* CombineMoya in Frameworks */,
			);
			runOnlyForDeploymentPostprocessing = 0;
		};
/* End PBXFrameworksBuildPhase section */

/* Begin PBXGroup section */
		FF018E7E2B7531F8006D5627 /* Buttons */ = {
			isa = PBXGroup;
			children = (
				FF018E7F2B75321B006D5627 /* DotchiCircleUIButton.swift */,
				FF8322802B7BD2190069D68A /* DotchiSortUIButton.swift */,
			);
			path = Buttons;
			sourceTree = "<group>";
		};
		FF018E812B7537A9006D5627 /* Fonts */ = {
			isa = PBXGroup;
			children = (
				FF018E982B77F864006D5627 /* Pretendard-Medium.ttf */,
				FF018E972B77F864006D5627 /* Pretendard-SemiBold.ttf */,
				107D6E652B78E39B005B6261 /* Pretendard-Bold.ttf */,
				FF018E962B77F861006D5627 /* Pretendard-ExtraBold.ttf */,
			);
			path = Fonts;
			sourceTree = "<group>";
		};
		FF018E992B77F94C006D5627 /* Browse */ = {
			isa = PBXGroup;
			children = (
				FF018E9A2B77F95F006D5627 /* BrowseViewController.swift */,
			);
			path = Browse;
			sourceTree = "<group>";
		};
		FF018E9E2B77FA5D006D5627 /* Views */ = {
			isa = PBXGroup;
			children = (
				FF018E9F2B77FA6C006D5627 /* DotchiNavigationUIView.swift */,
				FF83228B2B7C5AE00069D68A /* CardFrontUIView.swift */,
				FF83228D2B7C96100069D68A /* CardProfileUIView.swift */,
			);
			path = Views;
			sourceTree = "<group>";
		};
		FF018EA32B7803A6006D5627 /* Structs */ = {
			isa = PBXGroup;
			children = (
				FF018EA42B7803CE006D5627 /* UIViewControllerToSwiftUI.swift */,
			);
			path = Structs;
			sourceTree = "<group>";
		};
		FF8322882B7C59350069D68A /* CollectionViewCells */ = {
			isa = PBXGroup;
			children = (
				FF8322892B7C59540069D68A /* BrowseUICollectionViewCell.swift */,
			);
			path = CollectionViewCells;
			sourceTree = "<group>";
		};
		FF8322912B7CAC3E0069D68A /* Entities */ = {
			isa = PBXGroup;
			children = (
				FF8322922B7CAC4E0069D68A /* CardUserEntity.swift */,
				FF8322962B7CCBC80069D68A /* CardFrontEntity.swift */,
			);
			path = Entities;
			sourceTree = "<group>";
		};
		FFAA7D262B70F36600C7620E = {
			isa = PBXGroup;
			children = (
				FFAA7D312B70F36600C7620E /* DOTCHI */,
				FFAA7D302B70F36600C7620E /* Products */,
			);
			sourceTree = "<group>";
		};
		FFAA7D302B70F36600C7620E /* Products */ = {
			isa = PBXGroup;
			children = (
				FFAA7D2F2B70F36600C7620E /* DOTCHI.app */,
			);
			name = Products;
			sourceTree = "<group>";
		};
		FFAA7D312B70F36600C7620E /* DOTCHI */ = {
			isa = PBXGroup;
			children = (
				FF018E922B77F243006D5627 /* Info.plist */,
				FFD5943E2B71038C003F1F3C /* Global */,
				FFD594162B70FF20003F1F3C /* Networks */,
				FF8322912B7CAC3E0069D68A /* Entities */,
				FFD594372B710331003F1F3C /* Screens */,
				FFD594152B70FF14003F1F3C /* Supports */,
				FFAA7D322B70F36600C7620E /* DOTCHIApp.swift */,
				FFD594342B7102FC003F1F3C /* Resources */,
				FFAA7D382B70F36700C7620E /* Preview Content */,
			);
			path = DOTCHI;
			sourceTree = "<group>";
		};
		FFAA7D382B70F36700C7620E /* Preview Content */ = {
			isa = PBXGroup;
			children = (
				FFAA7D392B70F36700C7620E /* Preview Assets.xcassets */,
			);
			path = "Preview Content";
			sourceTree = "<group>";
		};
		FFD594152B70FF14003F1F3C /* Supports */ = {
			isa = PBXGroup;
			children = (
				FFD594172B70FF2A003F1F3C /* Environment.swift */,
			);
			path = Supports;
			sourceTree = "<group>";
		};
		FFD594162B70FF20003F1F3C /* Networks */ = {
			isa = PBXGroup;
			children = (
				FFD5941C2B70FF57003F1F3C /* Routers */,
				FFD5941B2B70FF50003F1F3C /* Services */,
				FFD5941A2B70FF4C003F1F3C /* Essentials */,
				FFD594192B70FF47003F1F3C /* DTO */,
				FFD594322B710218003F1F3C /* NetworkLoggerPlugin.swift */,
			);
			path = Networks;
			sourceTree = "<group>";
		};
		FFD594192B70FF47003F1F3C /* DTO */ = {
			isa = PBXGroup;
			children = (
				FFD5942B2B7101B0003F1F3C /* Auth */,
			);
			path = DTO;
			sourceTree = "<group>";
		};
		FFD5941A2B70FF4C003F1F3C /* Essentials */ = {
			isa = PBXGroup;
			children = (
				FFD594232B710166003F1F3C /* APIConstants.swift */,
				FFD594252B710173003F1F3C /* BaseResponseType.swift */,
				FFD594272B710183003F1F3C /* DotchiMoyaProvider.swift */,
				FFD594292B7101A2003F1F3C /* NetworkResult.swift */,
			);
			path = Essentials;
			sourceTree = "<group>";
		};
		FFD5941B2B70FF50003F1F3C /* Services */ = {
			isa = PBXGroup;
			children = (
				FFD5941F2B710135003F1F3C /* BaseService.swift */,
				FFD594212B710147003F1F3C /* AuthService.swift */,
			);
			path = Services;
			sourceTree = "<group>";
		};
		FFD5941C2B70FF57003F1F3C /* Routers */ = {
			isa = PBXGroup;
			children = (
				FFD5941D2B70FF66003F1F3C /* AuthRouter.swift */,
			);
			path = Routers;
			sourceTree = "<group>";
		};
		FFD5942B2B7101B0003F1F3C /* Auth */ = {
			isa = PBXGroup;
			children = (
				FFD5942D2B7101BF003F1F3C /* Response */,
				FFD5942C2B7101B9003F1F3C /* Request */,
			);
			path = Auth;
			sourceTree = "<group>";
		};
		FFD5942C2B7101B9003F1F3C /* Request */ = {
			isa = PBXGroup;
			children = (
				FFD594302B7101E1003F1F3C /* SocialLoginRequestDTO.swift */,
			);
			path = Request;
			sourceTree = "<group>";
		};
		FFD5942D2B7101BF003F1F3C /* Response */ = {
			isa = PBXGroup;
			children = (
				FFD5942E2B7101D0003F1F3C /* SocialLoginResponseDTO.swift */,
			);
			path = Response;
			sourceTree = "<group>";
		};
		FFD594342B7102FC003F1F3C /* Resources */ = {
			isa = PBXGroup;
			children = (
				FF018E812B7537A9006D5627 /* Fonts */,
				FFAA7D362B70F36700C7620E /* Assets.xcassets */,
				FFD594352B710311003F1F3C /* Colorsets.xcassets */,
			);
			path = Resources;
			sourceTree = "<group>";
		};
		FFD594372B710331003F1F3C /* Screens */ = {
			isa = PBXGroup;
			children = (
				FFD5943B2B710370003F1F3C /* Components */,
				FFD594382B710355003F1F3C /* Home */,
				FFD594502B71072B003F1F3C /* My */,
				FFAA7D342B70F36600C7620E /* ContentView.swift */,
				FF018E992B77F94C006D5627 /* Browse */,
			);
			path = Screens;
			sourceTree = "<group>";
		};
		FFD594382B710355003F1F3C /* Home */ = {
			isa = PBXGroup;
			children = (
				FFD594392B710367003F1F3C /* HomeView.swift */,
				100182F22B7AAA440024813A /* CollectionView.swift */,
			);
			path = Home;
			sourceTree = "<group>";
		};
		FFD5943B2B710370003F1F3C /* Components */ = {
			isa = PBXGroup;
			children = (
				FF8322882B7C59350069D68A /* CollectionViewCells */,
				FF018E9E2B77FA5D006D5627 /* Views */,
				FF018E7E2B7531F8006D5627 /* Buttons */,
				100A1E2D2B71576B00AAC1E8 /* UploadView.swift */,
			);
			path = Components;
			sourceTree = "<group>";
		};
		FFD5943E2B71038C003F1F3C /* Global */ = {
			isa = PBXGroup;
			children = (
				FFD594432B7103BB003F1F3C /* Singletons */,
				FF018EA32B7803A6006D5627 /* Structs */,
				FFD594422B7103B4003F1F3C /* Enums */,
				FFD594412B7103AF003F1F3C /* Protocols */,
				FFD594402B7103A9003F1F3C /* Extensions */,
				FFD5943F2B7103A2003F1F3C /* Bases */,
			);
			path = Global;
			sourceTree = "<group>";
		};
		FFD5943F2B7103A2003F1F3C /* Bases */ = {
			isa = PBXGroup;
			children = (
				FFD594482B710411003F1F3C /* BaseViewController.swift */,
			);
			path = Bases;
			sourceTree = "<group>";
		};
		FFD594402B7103A9003F1F3C /* Extensions */ = {
			isa = PBXGroup;
			children = (
				FFD5944E2B710475003F1F3C /* UIViewcontroller+.swift */,
				FF018E932B77F2E6006D5627 /* UIFont+.swift */,
				FF018E9C2B77F9D7006D5627 /* UIView+.swift */,
				FF018EA12B77FE3B006D5627 /* UIButton+.swift */,
				107D6E5E2B78DB61005B6261 /* FontManager.swift */,
				FF83227E2B7BCAC80069D68A /* UILabel+.swift */,
				FF8322842B7C58A60069D68A /* UICollectionView+.swift */,
				FF8322862B7C58BD0069D68A /* Adjusted+.swift */,
				FF8322942B7CACE00069D68A /* UIImageView+.swift */,
				FF8322982B7CD1580069D68A /* UIStackView+.swift */,
			);
			path = Extensions;
			sourceTree = "<group>";
		};
		FFD594412B7103AF003F1F3C /* Protocols */ = {
			isa = PBXGroup;
			children = (
				FF83229A2B7CD2250069D68A /* ClassNameProtocol.swift */,
			);
			path = Protocols;
			sourceTree = "<group>";
		};
		FFD594422B7103B4003F1F3C /* Enums */ = {
			isa = PBXGroup;
			children = (
				FFD5944A2B710457003F1F3C /* LuckyType.swift */,
				FF8322822B7C540B0069D68A /* CardSortType.swift */,
				FF83228F2B7CA1FC0069D68A /* CardHeadType.swift */,
			);
			path = Enums;
			sourceTree = "<group>";
		};
		FFD594432B7103BB003F1F3C /* Singletons */ = {
			isa = PBXGroup;
			children = (
				FFD594442B7103D8003F1F3C /* UserInfo.swift */,
				FFD594462B7103EF003F1F3C /* ImageCacheManager.swift */,
			);
			path = Singletons;
			sourceTree = "<group>";
		};
		FFD594502B71072B003F1F3C /* My */ = {
			isa = PBXGroup;
			children = (
				100A1E2B2B7151C400AAC1E8 /* MyView.swift */,
			);
			path = My;
			sourceTree = "<group>";
		};
/* End PBXGroup section */

/* Begin PBXNativeTarget section */
		FFAA7D2E2B70F36600C7620E /* DOTCHI */ = {
			isa = PBXNativeTarget;
			buildConfigurationList = FFAA7D3D2B70F36700C7620E /* Build configuration list for PBXNativeTarget "DOTCHI" */;
			buildPhases = (
				FFAA7D2B2B70F36600C7620E /* Sources */,
				FFAA7D2C2B70F36600C7620E /* Frameworks */,
				FFAA7D2D2B70F36600C7620E /* Resources */,
				FFAA7D5C2B70F49100C7620E /* Embed Frameworks */,
			);
			buildRules = (
			);
			dependencies = (
			);
			name = DOTCHI;
			packageProductDependencies = (
				FFAA7D412B70F42200C7620E /* SnapKit */,
				FFAA7D442B70F44500C7620E /* KeychainSwift */,
				FFD593FD2B70FCDD003F1F3C /* CombineMoya */,
				FFD593FF2B70FCDD003F1F3C /* Moya */,
				FFD594012B70FCDD003F1F3C /* ReactiveMoya */,
				FFD594032B70FCDD003F1F3C /* RxMoya */,
			);
			productName = DOTCHI;
			productReference = FFAA7D2F2B70F36600C7620E /* DOTCHI.app */;
			productType = "com.apple.product-type.application";
		};
/* End PBXNativeTarget section */

/* Begin PBXProject section */
		FFAA7D272B70F36600C7620E /* Project object */ = {
			isa = PBXProject;
			attributes = {
				BuildIndependentTargetsInParallel = 1;
				LastSwiftUpdateCheck = 1500;
				LastUpgradeCheck = 1500;
				TargetAttributes = {
					FFAA7D2E2B70F36600C7620E = {
						CreatedOnToolsVersion = 15.0.1;
					};
				};
			};
			buildConfigurationList = FFAA7D2A2B70F36600C7620E /* Build configuration list for PBXProject "DOTCHI" */;
			compatibilityVersion = "Xcode 14.0";
			developmentRegion = en;
			hasScannedForEncodings = 0;
			knownRegions = (
				en,
				Base,
			);
			mainGroup = FFAA7D262B70F36600C7620E;
			packageReferences = (
				FFAA7D402B70F42200C7620E /* XCRemoteSwiftPackageReference "SnapKit" */,
				FFAA7D432B70F44500C7620E /* XCRemoteSwiftPackageReference "keychain-swift" */,
				FFD593FC2B70FCDD003F1F3C /* XCRemoteSwiftPackageReference "Moya" */,
			);
			productRefGroup = FFAA7D302B70F36600C7620E /* Products */;
			projectDirPath = "";
			projectRoot = "";
			targets = (
				FFAA7D2E2B70F36600C7620E /* DOTCHI */,
			);
		};
/* End PBXProject section */

/* Begin PBXResourcesBuildPhase section */
		FFAA7D2D2B70F36600C7620E /* Resources */ = {
			isa = PBXResourcesBuildPhase;
			buildActionMask = 2147483647;
			files = (
				107D6E632B78DEA2005B6261 /* Pretendard-ExtraBold.ttf in Resources */,
				107D6E622B78DEA0005B6261 /* Pretendard-SemiBold.ttf in Resources */,
				FFAA7D3A2B70F36700C7620E /* Preview Assets.xcassets in Resources */,
				107D6E612B78DE9E005B6261 /* Pretendard-Medium.ttf in Resources */,
				FFD594362B710311003F1F3C /* Colorsets.xcassets in Resources */,
				FFAA7D372B70F36700C7620E /* Assets.xcassets in Resources */,
				107D6E662B78E39B005B6261 /* Pretendard-Bold.ttf in Resources */,
			);
			runOnlyForDeploymentPostprocessing = 0;
		};
/* End PBXResourcesBuildPhase section */

/* Begin PBXSourcesBuildPhase section */
		FFAA7D2B2B70F36600C7620E /* Sources */ = {
			isa = PBXSourcesBuildPhase;
			buildActionMask = 2147483647;
			files = (
				FFD5942F2B7101D0003F1F3C /* SocialLoginResponseDTO.swift in Sources */,
				FFD5943A2B710367003F1F3C /* HomeView.swift in Sources */,
				FF83228E2B7C96100069D68A /* CardProfileUIView.swift in Sources */,
				100182F32B7AAA440024813A /* CollectionView.swift in Sources */,
				FFD5944F2B710475003F1F3C /* UIViewcontroller+.swift in Sources */,
				100A1E2E2B71576B00AAC1E8 /* UploadView.swift in Sources */,
				FF83228A2B7C59540069D68A /* BrowseUICollectionViewCell.swift in Sources */,
				FFD594332B710218003F1F3C /* NetworkLoggerPlugin.swift in Sources */,
				FF83228C2B7C5AE00069D68A /* CardFrontUIView.swift in Sources */,
				FFAA7D352B70F36600C7620E /* ContentView.swift in Sources */,
				FF8322992B7CD1580069D68A /* UIStackView+.swift in Sources */,
				FF83227F2B7BCAC80069D68A /* UILabel+.swift in Sources */,
				FFD594472B7103EF003F1F3C /* ImageCacheManager.swift in Sources */,
				FFD594492B710411003F1F3C /* BaseViewController.swift in Sources */,
				FF8322932B7CAC4E0069D68A /* CardUserEntity.swift in Sources */,
				FFD594452B7103D8003F1F3C /* UserInfo.swift in Sources */,
				107D6E5F2B78DB61005B6261 /* FontManager.swift in Sources */,
				FF018E9D2B77F9D7006D5627 /* UIView+.swift in Sources */,
				FF018EA52B7803CE006D5627 /* UIViewControllerToSwiftUI.swift in Sources */,
				FFD594312B7101E1003F1F3C /* SocialLoginRequestDTO.swift in Sources */,
				FFD5942A2B7101A2003F1F3C /* NetworkResult.swift in Sources */,
				FF8322812B7BD2190069D68A /* DotchiSortUIButton.swift in Sources */,
				FF018E9B2B77F95F006D5627 /* BrowseViewController.swift in Sources */,
				FF018E802B75321B006D5627 /* DotchiCircleUIButton.swift in Sources */,
				FFD594242B710166003F1F3C /* APIConstants.swift in Sources */,
				FFD594182B70FF2A003F1F3C /* Environment.swift in Sources */,
				FFD5941E2B70FF66003F1F3C /* AuthRouter.swift in Sources */,
				FF8322952B7CACE00069D68A /* UIImageView+.swift in Sources */,
				FF018EA02B77FA6C006D5627 /* DotchiNavigationUIView.swift in Sources */,
				FFD594222B710147003F1F3C /* AuthService.swift in Sources */,
				FFD594262B710173003F1F3C /* BaseResponseType.swift in Sources */,
				100A1E2C2B7151C400AAC1E8 /* MyView.swift in Sources */,
				FF8322852B7C58A60069D68A /* UICollectionView+.swift in Sources */,
				FFD594202B710135003F1F3C /* BaseService.swift in Sources */,
				FF8322872B7C58BD0069D68A /* Adjusted+.swift in Sources */,
				FF018E942B77F2E6006D5627 /* UIFont+.swift in Sources */,
				FF8322972B7CCBC80069D68A /* CardFrontEntity.swift in Sources */,
				FF8322902B7CA1FC0069D68A /* CardHeadType.swift in Sources */,
				FFD594282B710183003F1F3C /* DotchiMoyaProvider.swift in Sources */,
				FFAA7D332B70F36600C7620E /* DOTCHIApp.swift in Sources */,
				FFD5944B2B710457003F1F3C /* LuckyType.swift in Sources */,
				FF8322832B7C540B0069D68A /* CardSortType.swift in Sources */,
				FF83229B2B7CD2250069D68A /* ClassNameProtocol.swift in Sources */,
				FF018EA22B77FE3B006D5627 /* UIButton+.swift in Sources */,
			);
			runOnlyForDeploymentPostprocessing = 0;
		};
/* End PBXSourcesBuildPhase section */

/* Begin XCBuildConfiguration section */
		FFAA7D3B2B70F36700C7620E /* Debug */ = {
			isa = XCBuildConfiguration;
			buildSettings = {
				ALWAYS_SEARCH_USER_PATHS = NO;
				ASSETCATALOG_COMPILER_GENERATE_SWIFT_ASSET_SYMBOL_EXTENSIONS = YES;
				CLANG_ANALYZER_NONNULL = YES;
				CLANG_ANALYZER_NUMBER_OBJECT_CONVERSION = YES_AGGRESSIVE;
				CLANG_CXX_LANGUAGE_STANDARD = "gnu++20";
				CLANG_ENABLE_MODULES = YES;
				CLANG_ENABLE_OBJC_ARC = YES;
				CLANG_ENABLE_OBJC_WEAK = YES;
				CLANG_WARN_BLOCK_CAPTURE_AUTORELEASING = YES;
				CLANG_WARN_BOOL_CONVERSION = YES;
				CLANG_WARN_COMMA = YES;
				CLANG_WARN_CONSTANT_CONVERSION = YES;
				CLANG_WARN_DEPRECATED_OBJC_IMPLEMENTATIONS = YES;
				CLANG_WARN_DIRECT_OBJC_ISA_USAGE = YES_ERROR;
				CLANG_WARN_DOCUMENTATION_COMMENTS = YES;
				CLANG_WARN_EMPTY_BODY = YES;
				CLANG_WARN_ENUM_CONVERSION = YES;
				CLANG_WARN_INFINITE_RECURSION = YES;
				CLANG_WARN_INT_CONVERSION = YES;
				CLANG_WARN_NON_LITERAL_NULL_CONVERSION = YES;
				CLANG_WARN_OBJC_IMPLICIT_RETAIN_SELF = YES;
				CLANG_WARN_OBJC_LITERAL_CONVERSION = YES;
				CLANG_WARN_OBJC_ROOT_CLASS = YES_ERROR;
				CLANG_WARN_QUOTED_INCLUDE_IN_FRAMEWORK_HEADER = YES;
				CLANG_WARN_RANGE_LOOP_ANALYSIS = YES;
				CLANG_WARN_STRICT_PROTOTYPES = YES;
				CLANG_WARN_SUSPICIOUS_MOVE = YES;
				CLANG_WARN_UNGUARDED_AVAILABILITY = YES_AGGRESSIVE;
				CLANG_WARN_UNREACHABLE_CODE = YES;
				CLANG_WARN__DUPLICATE_METHOD_MATCH = YES;
				COPY_PHASE_STRIP = NO;
				DEBUG_INFORMATION_FORMAT = dwarf;
				ENABLE_STRICT_OBJC_MSGSEND = YES;
				ENABLE_TESTABILITY = YES;
				ENABLE_USER_SCRIPT_SANDBOXING = YES;
				GCC_C_LANGUAGE_STANDARD = gnu17;
				GCC_DYNAMIC_NO_PIC = NO;
				GCC_NO_COMMON_BLOCKS = YES;
				GCC_OPTIMIZATION_LEVEL = 0;
				GCC_PREPROCESSOR_DEFINITIONS = (
					"DEBUG=1",
					"$(inherited)",
				);
				GCC_WARN_64_TO_32_BIT_CONVERSION = YES;
				GCC_WARN_ABOUT_RETURN_TYPE = YES_ERROR;
				GCC_WARN_UNDECLARED_SELECTOR = YES;
				GCC_WARN_UNINITIALIZED_AUTOS = YES_AGGRESSIVE;
				GCC_WARN_UNUSED_FUNCTION = YES;
				GCC_WARN_UNUSED_VARIABLE = YES;
				IPHONEOS_DEPLOYMENT_TARGET = 17.0;
				LOCALIZATION_PREFERS_STRING_CATALOGS = YES;
				MTL_ENABLE_DEBUG_INFO = INCLUDE_SOURCE;
				MTL_FAST_MATH = YES;
				ONLY_ACTIVE_ARCH = YES;
				SDKROOT = iphoneos;
				SWIFT_ACTIVE_COMPILATION_CONDITIONS = "DEBUG $(inherited)";
				SWIFT_OPTIMIZATION_LEVEL = "-Onone";
			};
			name = Debug;
		};
		FFAA7D3C2B70F36700C7620E /* Release */ = {
			isa = XCBuildConfiguration;
			buildSettings = {
				ALWAYS_SEARCH_USER_PATHS = NO;
				ASSETCATALOG_COMPILER_GENERATE_SWIFT_ASSET_SYMBOL_EXTENSIONS = YES;
				CLANG_ANALYZER_NONNULL = YES;
				CLANG_ANALYZER_NUMBER_OBJECT_CONVERSION = YES_AGGRESSIVE;
				CLANG_CXX_LANGUAGE_STANDARD = "gnu++20";
				CLANG_ENABLE_MODULES = YES;
				CLANG_ENABLE_OBJC_ARC = YES;
				CLANG_ENABLE_OBJC_WEAK = YES;
				CLANG_WARN_BLOCK_CAPTURE_AUTORELEASING = YES;
				CLANG_WARN_BOOL_CONVERSION = YES;
				CLANG_WARN_COMMA = YES;
				CLANG_WARN_CONSTANT_CONVERSION = YES;
				CLANG_WARN_DEPRECATED_OBJC_IMPLEMENTATIONS = YES;
				CLANG_WARN_DIRECT_OBJC_ISA_USAGE = YES_ERROR;
				CLANG_WARN_DOCUMENTATION_COMMENTS = YES;
				CLANG_WARN_EMPTY_BODY = YES;
				CLANG_WARN_ENUM_CONVERSION = YES;
				CLANG_WARN_INFINITE_RECURSION = YES;
				CLANG_WARN_INT_CONVERSION = YES;
				CLANG_WARN_NON_LITERAL_NULL_CONVERSION = YES;
				CLANG_WARN_OBJC_IMPLICIT_RETAIN_SELF = YES;
				CLANG_WARN_OBJC_LITERAL_CONVERSION = YES;
				CLANG_WARN_OBJC_ROOT_CLASS = YES_ERROR;
				CLANG_WARN_QUOTED_INCLUDE_IN_FRAMEWORK_HEADER = YES;
				CLANG_WARN_RANGE_LOOP_ANALYSIS = YES;
				CLANG_WARN_STRICT_PROTOTYPES = YES;
				CLANG_WARN_SUSPICIOUS_MOVE = YES;
				CLANG_WARN_UNGUARDED_AVAILABILITY = YES_AGGRESSIVE;
				CLANG_WARN_UNREACHABLE_CODE = YES;
				CLANG_WARN__DUPLICATE_METHOD_MATCH = YES;
				COPY_PHASE_STRIP = NO;
				DEBUG_INFORMATION_FORMAT = "dwarf-with-dsym";
				ENABLE_NS_ASSERTIONS = NO;
				ENABLE_STRICT_OBJC_MSGSEND = YES;
				ENABLE_USER_SCRIPT_SANDBOXING = YES;
				GCC_C_LANGUAGE_STANDARD = gnu17;
				GCC_NO_COMMON_BLOCKS = YES;
				GCC_WARN_64_TO_32_BIT_CONVERSION = YES;
				GCC_WARN_ABOUT_RETURN_TYPE = YES_ERROR;
				GCC_WARN_UNDECLARED_SELECTOR = YES;
				GCC_WARN_UNINITIALIZED_AUTOS = YES_AGGRESSIVE;
				GCC_WARN_UNUSED_FUNCTION = YES;
				GCC_WARN_UNUSED_VARIABLE = YES;
				IPHONEOS_DEPLOYMENT_TARGET = 17.0;
				LOCALIZATION_PREFERS_STRING_CATALOGS = YES;
				MTL_ENABLE_DEBUG_INFO = NO;
				MTL_FAST_MATH = YES;
				SDKROOT = iphoneos;
				SWIFT_COMPILATION_MODE = wholemodule;
				VALIDATE_PRODUCT = YES;
			};
			name = Release;
		};
		FFAA7D3E2B70F36700C7620E /* Debug */ = {
			isa = XCBuildConfiguration;
			buildSettings = {
				ASSETCATALOG_COMPILER_APPICON_NAME = AppIcon;
				ASSETCATALOG_COMPILER_GLOBAL_ACCENT_COLOR_NAME = AccentColor;
				CODE_SIGN_STYLE = Automatic;
				CURRENT_PROJECT_VERSION = 1;
				DEVELOPMENT_ASSET_PATHS = "\"DOTCHI/Preview Content\"";
				DEVELOPMENT_TEAM = "";
				ENABLE_PREVIEWS = YES;
				GENERATE_INFOPLIST_FILE = YES;
				INFOPLIST_FILE = DOTCHI/Info.plist;
				INFOPLIST_KEY_UIApplicationSceneManifest_Generation = YES;
				INFOPLIST_KEY_UIApplicationSupportsIndirectInputEvents = YES;
				INFOPLIST_KEY_UILaunchScreen_Generation = YES;
				INFOPLIST_KEY_UISupportedInterfaceOrientations = UIInterfaceOrientationPortrait;
				IPHONEOS_DEPLOYMENT_TARGET = 17.0;
				LD_RUNPATH_SEARCH_PATHS = (
					"$(inherited)",
					"@executable_path/Frameworks",
				);
				MARKETING_VERSION = 1.0;
				PRODUCT_BUNDLE_IDENTIFIER = com.madilyn.DOTCHI;
				PRODUCT_NAME = "$(TARGET_NAME)";
				SWIFT_EMIT_LOC_STRINGS = YES;
				SWIFT_VERSION = 5.0;
				TARGETED_DEVICE_FAMILY = "1,2";
			};
			name = Debug;
		};
		FFAA7D3F2B70F36700C7620E /* Release */ = {
			isa = XCBuildConfiguration;
			buildSettings = {
				ASSETCATALOG_COMPILER_APPICON_NAME = AppIcon;
				ASSETCATALOG_COMPILER_GLOBAL_ACCENT_COLOR_NAME = AccentColor;
				CODE_SIGN_STYLE = Automatic;
				CURRENT_PROJECT_VERSION = 1;
				DEVELOPMENT_ASSET_PATHS = "\"DOTCHI/Preview Content\"";
				DEVELOPMENT_TEAM = "";
				ENABLE_PREVIEWS = YES;
				GENERATE_INFOPLIST_FILE = YES;
				INFOPLIST_FILE = DOTCHI/Info.plist;
				INFOPLIST_KEY_UIApplicationSceneManifest_Generation = YES;
				INFOPLIST_KEY_UIApplicationSupportsIndirectInputEvents = YES;
				INFOPLIST_KEY_UILaunchScreen_Generation = YES;
				INFOPLIST_KEY_UISupportedInterfaceOrientations = UIInterfaceOrientationPortrait;
				IPHONEOS_DEPLOYMENT_TARGET = 17.0;
				LD_RUNPATH_SEARCH_PATHS = (
					"$(inherited)",
					"@executable_path/Frameworks",
				);
				MARKETING_VERSION = 1.0;
				PRODUCT_BUNDLE_IDENTIFIER = com.madilyn.DOTCHI;
				PRODUCT_NAME = "$(TARGET_NAME)";
				SWIFT_EMIT_LOC_STRINGS = YES;
				SWIFT_VERSION = 5.0;
				TARGETED_DEVICE_FAMILY = "1,2";
			};
			name = Release;
		};
/* End XCBuildConfiguration section */

/* Begin XCConfigurationList section */
		FFAA7D2A2B70F36600C7620E /* Build configuration list for PBXProject "DOTCHI" */ = {
			isa = XCConfigurationList;
			buildConfigurations = (
				FFAA7D3B2B70F36700C7620E /* Debug */,
				FFAA7D3C2B70F36700C7620E /* Release */,
			);
			defaultConfigurationIsVisible = 0;
			defaultConfigurationName = Release;
		};
		FFAA7D3D2B70F36700C7620E /* Build configuration list for PBXNativeTarget "DOTCHI" */ = {
			isa = XCConfigurationList;
			buildConfigurations = (
				FFAA7D3E2B70F36700C7620E /* Debug */,
				FFAA7D3F2B70F36700C7620E /* Release */,
			);
			defaultConfigurationIsVisible = 0;
			defaultConfigurationName = Release;
		};
/* End XCConfigurationList section */

/* Begin XCRemoteSwiftPackageReference section */
		FFAA7D402B70F42200C7620E /* XCRemoteSwiftPackageReference "SnapKit" */ = {
			isa = XCRemoteSwiftPackageReference;
			repositoryURL = "https://github.com/SnapKit/SnapKit.git";
			requirement = {
				kind = upToNextMajorVersion;
				minimumVersion = 5.7.0;
			};
		};
		FFAA7D432B70F44500C7620E /* XCRemoteSwiftPackageReference "keychain-swift" */ = {
			isa = XCRemoteSwiftPackageReference;
			repositoryURL = "https://github.com/evgenyneu/keychain-swift.git";
			requirement = {
				kind = upToNextMajorVersion;
				minimumVersion = 21.0.0;
			};
		};
		FFD593FC2B70FCDD003F1F3C /* XCRemoteSwiftPackageReference "Moya" */ = {
			isa = XCRemoteSwiftPackageReference;
			repositoryURL = "https://github.com/Moya/Moya.git";
			requirement = {
				kind = upToNextMajorVersion;
				minimumVersion = 15.0.3;
			};
		};
/* End XCRemoteSwiftPackageReference section */

/* Begin XCSwiftPackageProductDependency section */
		FFAA7D412B70F42200C7620E /* SnapKit */ = {
			isa = XCSwiftPackageProductDependency;
			package = FFAA7D402B70F42200C7620E /* XCRemoteSwiftPackageReference "SnapKit" */;
			productName = SnapKit;
		};
		FFAA7D442B70F44500C7620E /* KeychainSwift */ = {
			isa = XCSwiftPackageProductDependency;
			package = FFAA7D432B70F44500C7620E /* XCRemoteSwiftPackageReference "keychain-swift" */;
			productName = KeychainSwift;
		};
		FFD593FD2B70FCDD003F1F3C /* CombineMoya */ = {
			isa = XCSwiftPackageProductDependency;
			package = FFD593FC2B70FCDD003F1F3C /* XCRemoteSwiftPackageReference "Moya" */;
			productName = CombineMoya;
		};
		FFD593FF2B70FCDD003F1F3C /* Moya */ = {
			isa = XCSwiftPackageProductDependency;
			package = FFD593FC2B70FCDD003F1F3C /* XCRemoteSwiftPackageReference "Moya" */;
			productName = Moya;
		};
		FFD594012B70FCDD003F1F3C /* ReactiveMoya */ = {
			isa = XCSwiftPackageProductDependency;
			package = FFD593FC2B70FCDD003F1F3C /* XCRemoteSwiftPackageReference "Moya" */;
			productName = ReactiveMoya;
		};
		FFD594032B70FCDD003F1F3C /* RxMoya */ = {
			isa = XCSwiftPackageProductDependency;
			package = FFD593FC2B70FCDD003F1F3C /* XCRemoteSwiftPackageReference "Moya" */;
			productName = RxMoya;
		};
/* End XCSwiftPackageProductDependency section */
	};
	rootObject = FFAA7D272B70F36600C7620E /* Project object */;
}
