// !$*UTF8*$!
{
	archiveVersion = 1;
	classes = {
	};
	objectVersion = 56;
	objects = {

/* Begin PBXBuildFile section */
		FFAA7D332B70F36600C7620E /* DOTCHIApp.swift in Sources */ = {isa = PBXBuildFile; fileRef = FFAA7D322B70F36600C7620E /* DOTCHIApp.swift */; };
		FFAA7D352B70F36600C7620E /* ContentView.swift in Sources */ = {isa = PBXBuildFile; fileRef = FFAA7D342B70F36600C7620E /* ContentView.swift */; };
		FFAA7D372B70F36700C7620E /* Assets.xcassets in Resources */ = {isa = PBXBuildFile; fileRef = FFAA7D362B70F36700C7620E /* Assets.xcassets */; };
		FFAA7D3A2B70F36700C7620E /* Preview Assets.xcassets in Resources */ = {isa = PBXBuildFile; fileRef = FFAA7D392B70F36700C7620E /* Preview Assets.xcassets */; };
		FFAA7D422B70F42200C7620E /* SnapKit in Frameworks */ = {isa = PBXBuildFile; productRef = FFAA7D412B70F42200C7620E /* SnapKit */; };
		FFAA7D452B70F44500C7620E /* KeychainSwift in Frameworks */ = {isa = PBXBuildFile; productRef = FFAA7D442B70F44500C7620E /* KeychainSwift */; };
		FFD593FE2B70FCDD003F1F3C /* CombineMoya in Frameworks */ = {isa = PBXBuildFile; productRef = FFD593FD2B70FCDD003F1F3C /* CombineMoya */; };
		FFD594002B70FCDD003F1F3C /* Moya in Frameworks */ = {isa = PBXBuildFile; productRef = FFD593FF2B70FCDD003F1F3C /* Moya */; };
		FFD594022B70FCDD003F1F3C /* ReactiveMoya in Frameworks */ = {isa = PBXBuildFile; productRef = FFD594012B70FCDD003F1F3C /* ReactiveMoya */; };
		FFD594042B70FCDD003F1F3C /* RxMoya in Frameworks */ = {isa = PBXBuildFile; productRef = FFD594032B70FCDD003F1F3C /* RxMoya */; };
		FFD594182B70FF2A003F1F3C /* Environment.swift in Sources */ = {isa = PBXBuildFile; fileRef = FFD594172B70FF2A003F1F3C /* Environment.swift */; };
/* End PBXBuildFile section */

/* Begin PBXCopyFilesBuildPhase section */
		FFAA7D5C2B70F49100C7620E /* Embed Frameworks */ = {
			isa = PBXCopyFilesBuildPhase;
			buildActionMask = 2147483647;
			dstPath = "";
			dstSubfolderSpec = 10;
			files = (
			);
			name = "Embed Frameworks";
			runOnlyForDeploymentPostprocessing = 0;
		};
/* End PBXCopyFilesBuildPhase section */

/* Begin PBXFileReference section */
		FFAA7D2F2B70F36600C7620E /* DOTCHI.app */ = {isa = PBXFileReference; explicitFileType = wrapper.application; includeInIndex = 0; path = DOTCHI.app; sourceTree = BUILT_PRODUCTS_DIR; };
		FFAA7D322B70F36600C7620E /* DOTCHIApp.swift */ = {isa = PBXFileReference; lastKnownFileType = sourcecode.swift; path = DOTCHIApp.swift; sourceTree = "<group>"; };
		FFAA7D342B70F36600C7620E /* ContentView.swift */ = {isa = PBXFileReference; lastKnownFileType = sourcecode.swift; path = ContentView.swift; sourceTree = "<group>"; };
		FFAA7D362B70F36700C7620E /* Assets.xcassets */ = {isa = PBXFileReference; lastKnownFileType = folder.assetcatalog; path = Assets.xcassets; sourceTree = "<group>"; };
		FFAA7D392B70F36700C7620E /* Preview Assets.xcassets */ = {isa = PBXFileReference; lastKnownFileType = folder.assetcatalog; path = "Preview Assets.xcassets"; sourceTree = "<group>"; };
		FFD594172B70FF2A003F1F3C /* Environment.swift */ = {isa = PBXFileReference; lastKnownFileType = sourcecode.swift; path = Environment.swift; sourceTree = "<group>"; };
/* End PBXFileReference section */

/* Begin PBXFrameworksBuildPhase section */
		FFAA7D2C2B70F36600C7620E /* Frameworks */ = {
			isa = PBXFrameworksBuildPhase;
			buildActionMask = 2147483647;
			files = (
				FFD594042B70FCDD003F1F3C /* RxMoya in Frameworks */,
				FFAA7D452B70F44500C7620E /* KeychainSwift in Frameworks */,
				FFAA7D422B70F42200C7620E /* SnapKit in Frameworks */,
				FFD594002B70FCDD003F1F3C /* Moya in Frameworks */,
				FFD594022B70FCDD003F1F3C /* ReactiveMoya in Frameworks */,
				FFD593FE2B70FCDD003F1F3C /* CombineMoya in Frameworks */,
			);
			runOnlyForDeploymentPostprocessing = 0;
		};
/* End PBXFrameworksBuildPhase section */

/* Begin PBXGroup section */
		FFAA7D262B70F36600C7620E = {
			isa = PBXGroup;
			children = (
				FFAA7D312B70F36600C7620E /* DOTCHI */,
				FFAA7D302B70F36600C7620E /* Products */,
			);
			sourceTree = "<group>";
		};
		FFAA7D302B70F36600C7620E /* Products */ = {
			isa = PBXGroup;
			children = (
				FFAA7D2F2B70F36600C7620E /* DOTCHI.app */,
			);
			name = Products;
			sourceTree = "<group>";
		};
		FFAA7D312B70F36600C7620E /* DOTCHI */ = {
			isa = PBXGroup;
			children = (
				FFD594162B70FF20003F1F3C /* Networks */,
				FFD594152B70FF14003F1F3C /* Supports */,
				FFAA7D322B70F36600C7620E /* DOTCHIApp.swift */,
				FFAA7D342B70F36600C7620E /* ContentView.swift */,
				FFAA7D362B70F36700C7620E /* Assets.xcassets */,
				FFAA7D382B70F36700C7620E /* Preview Content */,
			);
			path = DOTCHI;
			sourceTree = "<group>";
		};
		FFAA7D382B70F36700C7620E /* Preview Content */ = {
			isa = PBXGroup;
			children = (
				FFAA7D392B70F36700C7620E /* Preview Assets.xcassets */,
			);
			path = "Preview Content";
			sourceTree = "<group>";
		};
		FFD594152B70FF14003F1F3C /* Supports */ = {
			isa = PBXGroup;
			children = (
				FFD594172B70FF2A003F1F3C /* Environment.swift */,
			);
			path = Supports;
			sourceTree = "<group>";
		};
		FFD594162B70FF20003F1F3C /* Networks */ = {
			isa = PBXGroup;
			children = (
			);
			path = Networks;
			sourceTree = "<group>";
		};
/* End PBXGroup section */

/* Begin PBXNativeTarget section */
		FFAA7D2E2B70F36600C7620E /* DOTCHI */ = {
			isa = PBXNativeTarget;
			buildConfigurationList = FFAA7D3D2B70F36700C7620E /* Build configuration list for PBXNativeTarget "DOTCHI" */;
			buildPhases = (
				FFAA7D2B2B70F36600C7620E /* Sources */,
				FFAA7D2C2B70F36600C7620E /* Frameworks */,
				FFAA7D2D2B70F36600C7620E /* Resources */,
				FFAA7D5C2B70F49100C7620E /* Embed Frameworks */,
			);
			buildRules = (
			);
			dependencies = (
			);
			name = DOTCHI;
			packageProductDependencies = (
				FFAA7D412B70F42200C7620E /* SnapKit */,
				FFAA7D442B70F44500C7620E /* KeychainSwift */,
				FFD593FD2B70FCDD003F1F3C /* CombineMoya */,
				FFD593FF2B70FCDD003F1F3C /* Moya */,
				FFD594012B70FCDD003F1F3C /* ReactiveMoya */,
				FFD594032B70FCDD003F1F3C /* RxMoya */,
			);
			productName = DOTCHI;
			productReference = FFAA7D2F2B70F36600C7620E /* DOTCHI.app */;
			productType = "com.apple.product-type.application";
		};
/* End PBXNativeTarget section */

/* Begin PBXProject section */
		FFAA7D272B70F36600C7620E /* Project object */ = {
			isa = PBXProject;
			attributes = {
				BuildIndependentTargetsInParallel = 1;
				LastSwiftUpdateCheck = 1500;
				LastUpgradeCheck = 1500;
				TargetAttributes = {
					FFAA7D2E2B70F36600C7620E = {
						CreatedOnToolsVersion = 15.0.1;
					};
				};
			};
			buildConfigurationList = FFAA7D2A2B70F36600C7620E /* Build configuration list for PBXProject "DOTCHI" */;
			compatibilityVersion = "Xcode 14.0";
			developmentRegion = en;
			hasScannedForEncodings = 0;
			knownRegions = (
				en,
				Base,
			);
			mainGroup = FFAA7D262B70F36600C7620E;
			packageReferences = (
				FFAA7D402B70F42200C7620E /* XCRemoteSwiftPackageReference "SnapKit" */,
				FFAA7D432B70F44500C7620E /* XCRemoteSwiftPackageReference "keychain-swift" */,
				FFD593FC2B70FCDD003F1F3C /* XCRemoteSwiftPackageReference "Moya" */,
			);
			productRefGroup = FFAA7D302B70F36600C7620E /* Products */;
			projectDirPath = "";
			projectRoot = "";
			targets = (
				FFAA7D2E2B70F36600C7620E /* DOTCHI */,
			);
		};
/* End PBXProject section */

/* Begin PBXResourcesBuildPhase section */
		FFAA7D2D2B70F36600C7620E /* Resources */ = {
			isa = PBXResourcesBuildPhase;
			buildActionMask = 2147483647;
			files = (
				FFAA7D3A2B70F36700C7620E /* Preview Assets.xcassets in Resources */,
				FFAA7D372B70F36700C7620E /* Assets.xcassets in Resources */,
			);
			runOnlyForDeploymentPostprocessing = 0;
		};
/* End PBXResourcesBuildPhase section */

/* Begin PBXSourcesBuildPhase section */
		FFAA7D2B2B70F36600C7620E /* Sources */ = {
			isa = PBXSourcesBuildPhase;
			buildActionMask = 2147483647;
			files = (
				FFAA7D352B70F36600C7620E /* ContentView.swift in Sources */,
				FFD594182B70FF2A003F1F3C /* Environment.swift in Sources */,
				FFAA7D332B70F36600C7620E /* DOTCHIApp.swift in Sources */,
			);
			runOnlyForDeploymentPostprocessing = 0;
		};
/* End PBXSourcesBuildPhase section */

/* Begin XCBuildConfiguration section */
		FFAA7D3B2B70F36700C7620E /* Debug */ = {
			isa = XCBuildConfiguration;
			buildSettings = {
				ALWAYS_SEARCH_USER_PATHS = NO;
				ASSETCATALOG_COMPILER_GENERATE_SWIFT_ASSET_SYMBOL_EXTENSIONS = YES;
				CLANG_ANALYZER_NONNULL = YES;
				CLANG_ANALYZER_NUMBER_OBJECT_CONVERSION = YES_AGGRESSIVE;
				CLANG_CXX_LANGUAGE_STANDARD = "gnu++20";
				CLANG_ENABLE_MODULES = YES;
				CLANG_ENABLE_OBJC_ARC = YES;
				CLANG_ENABLE_OBJC_WEAK = YES;
				CLANG_WARN_BLOCK_CAPTURE_AUTORELEASING = YES;
				CLANG_WARN_BOOL_CONVERSION = YES;
				CLANG_WARN_COMMA = YES;
				CLANG_WARN_CONSTANT_CONVERSION = YES;
				CLANG_WARN_DEPRECATED_OBJC_IMPLEMENTATIONS = YES;
				CLANG_WARN_DIRECT_OBJC_ISA_USAGE = YES_ERROR;
				CLANG_WARN_DOCUMENTATION_COMMENTS = YES;
				CLANG_WARN_EMPTY_BODY = YES;
				CLANG_WARN_ENUM_CONVERSION = YES;
				CLANG_WARN_INFINITE_RECURSION = YES;
				CLANG_WARN_INT_CONVERSION = YES;
				CLANG_WARN_NON_LITERAL_NULL_CONVERSION = YES;
				CLANG_WARN_OBJC_IMPLICIT_RETAIN_SELF = YES;
				CLANG_WARN_OBJC_LITERAL_CONVERSION = YES;
				CLANG_WARN_OBJC_ROOT_CLASS = YES_ERROR;
				CLANG_WARN_QUOTED_INCLUDE_IN_FRAMEWORK_HEADER = YES;
				CLANG_WARN_RANGE_LOOP_ANALYSIS = YES;
				CLANG_WARN_STRICT_PROTOTYPES = YES;
				CLANG_WARN_SUSPICIOUS_MOVE = YES;
				CLANG_WARN_UNGUARDED_AVAILABILITY = YES_AGGRESSIVE;
				CLANG_WARN_UNREACHABLE_CODE = YES;
				CLANG_WARN__DUPLICATE_METHOD_MATCH = YES;
				COPY_PHASE_STRIP = NO;
				DEBUG_INFORMATION_FORMAT = dwarf;
				ENABLE_STRICT_OBJC_MSGSEND = YES;
				ENABLE_TESTABILITY = YES;
				ENABLE_USER_SCRIPT_SANDBOXING = YES;
				GCC_C_LANGUAGE_STANDARD = gnu17;
				GCC_DYNAMIC_NO_PIC = NO;
				GCC_NO_COMMON_BLOCKS = YES;
				GCC_OPTIMIZATION_LEVEL = 0;
				GCC_PREPROCESSOR_DEFINITIONS = (
					"DEBUG=1",
					"$(inherited)",
				);
				GCC_WARN_64_TO_32_BIT_CONVERSION = YES;
				GCC_WARN_ABOUT_RETURN_TYPE = YES_ERROR;
				GCC_WARN_UNDECLARED_SELECTOR = YES;
				GCC_WARN_UNINITIALIZED_AUTOS = YES_AGGRESSIVE;
				GCC_WARN_UNUSED_FUNCTION = YES;
				GCC_WARN_UNUSED_VARIABLE = YES;
				IPHONEOS_DEPLOYMENT_TARGET = 17.0;
				LOCALIZATION_PREFERS_STRING_CATALOGS = YES;
				MTL_ENABLE_DEBUG_INFO = INCLUDE_SOURCE;
				MTL_FAST_MATH = YES;
				ONLY_ACTIVE_ARCH = YES;
				SDKROOT = iphoneos;
				SWIFT_ACTIVE_COMPILATION_CONDITIONS = "DEBUG $(inherited)";
				SWIFT_OPTIMIZATION_LEVEL = "-Onone";
			};
			name = Debug;
		};
		FFAA7D3C2B70F36700C7620E /* Release */ = {
			isa = XCBuildConfiguration;
			buildSettings = {
				ALWAYS_SEARCH_USER_PATHS = NO;
				ASSETCATALOG_COMPILER_GENERATE_SWIFT_ASSET_SYMBOL_EXTENSIONS = YES;
				CLANG_ANALYZER_NONNULL = YES;
				CLANG_ANALYZER_NUMBER_OBJECT_CONVERSION = YES_AGGRESSIVE;
				CLANG_CXX_LANGUAGE_STANDARD = "gnu++20";
				CLANG_ENABLE_MODULES = YES;
				CLANG_ENABLE_OBJC_ARC = YES;
				CLANG_ENABLE_OBJC_WEAK = YES;
				CLANG_WARN_BLOCK_CAPTURE_AUTORELEASING = YES;
				CLANG_WARN_BOOL_CONVERSION = YES;
				CLANG_WARN_COMMA = YES;
				CLANG_WARN_CONSTANT_CONVERSION = YES;
				CLANG_WARN_DEPRECATED_OBJC_IMPLEMENTATIONS = YES;
				CLANG_WARN_DIRECT_OBJC_ISA_USAGE = YES_ERROR;
				CLANG_WARN_DOCUMENTATION_COMMENTS = YES;
				CLANG_WARN_EMPTY_BODY = YES;
				CLANG_WARN_ENUM_CONVERSION = YES;
				CLANG_WARN_INFINITE_RECURSION = YES;
				CLANG_WARN_INT_CONVERSION = YES;
				CLANG_WARN_NON_LITERAL_NULL_CONVERSION = YES;
				CLANG_WARN_OBJC_IMPLICIT_RETAIN_SELF = YES;
				CLANG_WARN_OBJC_LITERAL_CONVERSION = YES;
				CLANG_WARN_OBJC_ROOT_CLASS = YES_ERROR;
				CLANG_WARN_QUOTED_INCLUDE_IN_FRAMEWORK_HEADER = YES;
				CLANG_WARN_RANGE_LOOP_ANALYSIS = YES;
				CLANG_WARN_STRICT_PROTOTYPES = YES;
				CLANG_WARN_SUSPICIOUS_MOVE = YES;
				CLANG_WARN_UNGUARDED_AVAILABILITY = YES_AGGRESSIVE;
				CLANG_WARN_UNREACHABLE_CODE = YES;
				CLANG_WARN__DUPLICATE_METHOD_MATCH = YES;
				COPY_PHASE_STRIP = NO;
				DEBUG_INFORMATION_FORMAT = "dwarf-with-dsym";
				ENABLE_NS_ASSERTIONS = NO;
				ENABLE_STRICT_OBJC_MSGSEND = YES;
				ENABLE_USER_SCRIPT_SANDBOXING = YES;
				GCC_C_LANGUAGE_STANDARD = gnu17;
				GCC_NO_COMMON_BLOCKS = YES;
				GCC_WARN_64_TO_32_BIT_CONVERSION = YES;
				GCC_WARN_ABOUT_RETURN_TYPE = YES_ERROR;
				GCC_WARN_UNDECLARED_SELECTOR = YES;
				GCC_WARN_UNINITIALIZED_AUTOS = YES_AGGRESSIVE;
				GCC_WARN_UNUSED_FUNCTION = YES;
				GCC_WARN_UNUSED_VARIABLE = YES;
				IPHONEOS_DEPLOYMENT_TARGET = 17.0;
				LOCALIZATION_PREFERS_STRING_CATALOGS = YES;
				MTL_ENABLE_DEBUG_INFO = NO;
				MTL_FAST_MATH = YES;
				SDKROOT = iphoneos;
				SWIFT_COMPILATION_MODE = wholemodule;
				VALIDATE_PRODUCT = YES;
			};
			name = Release;
		};
		FFAA7D3E2B70F36700C7620E /* Debug */ = {
			isa = XCBuildConfiguration;
			buildSettings = {
				ASSETCATALOG_COMPILER_APPICON_NAME = AppIcon;
				ASSETCATALOG_COMPILER_GLOBAL_ACCENT_COLOR_NAME = AccentColor;
				CODE_SIGN_STYLE = Automatic;
				CURRENT_PROJECT_VERSION = 1;
				DEVELOPMENT_ASSET_PATHS = "\"DOTCHI/Preview Content\"";
				DEVELOPMENT_TEAM = N4RT4KGQK9;
				ENABLE_PREVIEWS = YES;
				GENERATE_INFOPLIST_FILE = YES;
				INFOPLIST_KEY_UIApplicationSceneManifest_Generation = YES;
				INFOPLIST_KEY_UIApplicationSupportsIndirectInputEvents = YES;
				INFOPLIST_KEY_UILaunchScreen_Generation = YES;
				INFOPLIST_KEY_UISupportedInterfaceOrientations_iPad = "UIInterfaceOrientationPortrait UIInterfaceOrientationPortraitUpsideDown UIInterfaceOrientationLandscapeLeft UIInterfaceOrientationLandscapeRight";
				INFOPLIST_KEY_UISupportedInterfaceOrientations_iPhone = "UIInterfaceOrientationPortrait UIInterfaceOrientationLandscapeLeft UIInterfaceOrientationLandscapeRight";
				LD_RUNPATH_SEARCH_PATHS = (
					"$(inherited)",
					"@executable_path/Frameworks",
				);
				MARKETING_VERSION = 1.0;
				PRODUCT_BUNDLE_IDENTIFIER = com.madilyn.DOTCHI;
				PRODUCT_NAME = "$(TARGET_NAME)";
				SWIFT_EMIT_LOC_STRINGS = YES;
				SWIFT_VERSION = 5.0;
				TARGETED_DEVICE_FAMILY = "1,2";
			};
			name = Debug;
		};
		FFAA7D3F2B70F36700C7620E /* Release */ = {
			isa = XCBuildConfiguration;
			buildSettings = {
				ASSETCATALOG_COMPILER_APPICON_NAME = AppIcon;
				ASSETCATALOG_COMPILER_GLOBAL_ACCENT_COLOR_NAME = AccentColor;
				CODE_SIGN_STYLE = Automatic;
				CURRENT_PROJECT_VERSION = 1;
				DEVELOPMENT_ASSET_PATHS = "\"DOTCHI/Preview Content\"";
				DEVELOPMENT_TEAM = N4RT4KGQK9;
				ENABLE_PREVIEWS = YES;
				GENERATE_INFOPLIST_FILE = YES;
				INFOPLIST_KEY_UIApplicationSceneManifest_Generation = YES;
				INFOPLIST_KEY_UIApplicationSupportsIndirectInputEvents = YES;
				INFOPLIST_KEY_UILaunchScreen_Generation = YES;
				INFOPLIST_KEY_UISupportedInterfaceOrientations_iPad = "UIInterfaceOrientationPortrait UIInterfaceOrientationPortraitUpsideDown UIInterfaceOrientationLandscapeLeft UIInterfaceOrientationLandscapeRight";
				INFOPLIST_KEY_UISupportedInterfaceOrientations_iPhone = "UIInterfaceOrientationPortrait UIInterfaceOrientationLandscapeLeft UIInterfaceOrientationLandscapeRight";
				LD_RUNPATH_SEARCH_PATHS = (
					"$(inherited)",
					"@executable_path/Frameworks",
				);
				MARKETING_VERSION = 1.0;
				PRODUCT_BUNDLE_IDENTIFIER = com.madilyn.DOTCHI;
				PRODUCT_NAME = "$(TARGET_NAME)";
				SWIFT_EMIT_LOC_STRINGS = YES;
				SWIFT_VERSION = 5.0;
				TARGETED_DEVICE_FAMILY = "1,2";
			};
			name = Release;
		};
/* End XCBuildConfiguration section */

/* Begin XCConfigurationList section */
		FFAA7D2A2B70F36600C7620E /* Build configuration list for PBXProject "DOTCHI" */ = {
			isa = XCConfigurationList;
			buildConfigurations = (
				FFAA7D3B2B70F36700C7620E /* Debug */,
				FFAA7D3C2B70F36700C7620E /* Release */,
			);
			defaultConfigurationIsVisible = 0;
			defaultConfigurationName = Release;
		};
		FFAA7D3D2B70F36700C7620E /* Build configuration list for PBXNativeTarget "DOTCHI" */ = {
			isa = XCConfigurationList;
			buildConfigurations = (
				FFAA7D3E2B70F36700C7620E /* Debug */,
				FFAA7D3F2B70F36700C7620E /* Release */,
			);
			defaultConfigurationIsVisible = 0;
			defaultConfigurationName = Release;
		};
/* End XCConfigurationList section */

/* Begin XCRemoteSwiftPackageReference section */
		FFAA7D402B70F42200C7620E /* XCRemoteSwiftPackageReference "SnapKit" */ = {
			isa = XCRemoteSwiftPackageReference;
			repositoryURL = "https://github.com/SnapKit/SnapKit.git";
			requirement = {
				kind = upToNextMajorVersion;
				minimumVersion = 5.7.0;
			};
		};
		FFAA7D432B70F44500C7620E /* XCRemoteSwiftPackageReference "keychain-swift" */ = {
			isa = XCRemoteSwiftPackageReference;
			repositoryURL = "https://github.com/evgenyneu/keychain-swift.git";
			requirement = {
				kind = upToNextMajorVersion;
				minimumVersion = 21.0.0;
			};
		};
		FFD593FC2B70FCDD003F1F3C /* XCRemoteSwiftPackageReference "Moya" */ = {
			isa = XCRemoteSwiftPackageReference;
			repositoryURL = "https://github.com/Moya/Moya.git";
			requirement = {
				kind = upToNextMajorVersion;
				minimumVersion = 15.0.3;
			};
		};
/* End XCRemoteSwiftPackageReference section */

/* Begin XCSwiftPackageProductDependency section */
		FFAA7D412B70F42200C7620E /* SnapKit */ = {
			isa = XCSwiftPackageProductDependency;
			package = FFAA7D402B70F42200C7620E /* XCRemoteSwiftPackageReference "SnapKit" */;
			productName = SnapKit;
		};
		FFAA7D442B70F44500C7620E /* KeychainSwift */ = {
			isa = XCSwiftPackageProductDependency;
			package = FFAA7D432B70F44500C7620E /* XCRemoteSwiftPackageReference "keychain-swift" */;
			productName = KeychainSwift;
		};
		FFD593FD2B70FCDD003F1F3C /* CombineMoya */ = {
			isa = XCSwiftPackageProductDependency;
			package = FFD593FC2B70FCDD003F1F3C /* XCRemoteSwiftPackageReference "Moya" */;
			productName = CombineMoya;
		};
		FFD593FF2B70FCDD003F1F3C /* Moya */ = {
			isa = XCSwiftPackageProductDependency;
			package = FFD593FC2B70FCDD003F1F3C /* XCRemoteSwiftPackageReference "Moya" */;
			productName = Moya;
		};
		FFD594012B70FCDD003F1F3C /* ReactiveMoya */ = {
			isa = XCSwiftPackageProductDependency;
			package = FFD593FC2B70FCDD003F1F3C /* XCRemoteSwiftPackageReference "Moya" */;
			productName = ReactiveMoya;
		};
		FFD594032B70FCDD003F1F3C /* RxMoya */ = {
			isa = XCSwiftPackageProductDependency;
			package = FFD593FC2B70FCDD003F1F3C /* XCRemoteSwiftPackageReference "Moya" */;
			productName = RxMoya;
		};
/* End XCSwiftPackageProductDependency section */
	};
	rootObject = FFAA7D272B70F36600C7620E /* Project object */;
}
