// !$*UTF8*$!
{
	archiveVersion = 1;
	classes = {
	};
	objectVersion = 56;
	objects = {

/* Begin PBXBuildFile section */
		1031EC6E2B6691370016655B /* dnd_10th_9App.swift in Sources */ = {isa = PBXBuildFile; fileRef = 1031EC6D2B6691370016655B /* dnd_10th_9App.swift */; };
		1031EC702B6691370016655B /* ContentView.swift in Sources */ = {isa = PBXBuildFile; fileRef = 1031EC6F2B6691370016655B /* ContentView.swift */; };
		1031EC722B6691390016655B /* Assets.xcassets in Resources */ = {isa = PBXBuildFile; fileRef = 1031EC712B6691390016655B /* Assets.xcassets */; };
		1031EC752B6691390016655B /* Preview Assets.xcassets in Resources */ = {isa = PBXBuildFile; fileRef = 1031EC742B6691390016655B /* Preview Assets.xcassets */; };
		FF1A6C2C2B6C758B00B6D156 /* DotchiMoyaProvider.swift in Sources */ = {isa = PBXBuildFile; fileRef = FF1A6C2B2B6C758B00B6D156 /* DotchiMoyaProvider.swift */; };
		FF1A6C2E2B6C760F00B6D156 /* BaseResponseType.swift in Sources */ = {isa = PBXBuildFile; fileRef = FF1A6C2D2B6C760F00B6D156 /* BaseResponseType.swift */; };
		FF1A6C302B6FE6DE00B6D156 /* APIConstants.swift in Sources */ = {isa = PBXBuildFile; fileRef = FF1A6C2F2B6FE6DE00B6D156 /* APIConstants.swift */; };
		FF1A6C322B6FE6F300B6D156 /* NetworkResult.swift in Sources */ = {isa = PBXBuildFile; fileRef = FF1A6C312B6FE6F300B6D156 /* NetworkResult.swift */; };
		FF1A6C352B7098BB00B6D156 /* Environment.swift in Sources */ = {isa = PBXBuildFile; fileRef = FF1A6C342B7098BB00B6D156 /* Environment.swift */; };
		FF1A6C372B709CFF00B6D156 /* BaseService.swift in Sources */ = {isa = PBXBuildFile; fileRef = FF1A6C362B709CFF00B6D156 /* BaseService.swift */; };
		FF1A6C392B709D2400B6D156 /* AuthService.swift in Sources */ = {isa = PBXBuildFile; fileRef = FF1A6C382B709D2400B6D156 /* AuthService.swift */; };
		FF1A6C3B2B70A1A900B6D156 /* AuthRouter.swift in Sources */ = {isa = PBXBuildFile; fileRef = FF1A6C3A2B70A1A900B6D156 /* AuthRouter.swift */; };
		FF1A6C402B70A20000B6D156 /* SocialLoginResponseDTO.swift in Sources */ = {isa = PBXBuildFile; fileRef = FF1A6C3F2B70A20000B6D156 /* SocialLoginResponseDTO.swift */; };
		FF1A6C422B70A21200B6D156 /* SocialLoginRequestDTO.swift in Sources */ = {isa = PBXBuildFile; fileRef = FF1A6C412B70A21200B6D156 /* SocialLoginRequestDTO.swift */; };
		FF1A6C442B70A22900B6D156 /* NetworkLoggerPlugin.swift in Sources */ = {isa = PBXBuildFile; fileRef = FF1A6C432B70A22900B6D156 /* NetworkLoggerPlugin.swift */; };
		FF86897E2B6A59AE00D51EF4 /* SnapKit in Frameworks */ = {isa = PBXBuildFile; productRef = FF86897D2B6A59AE00D51EF4 /* SnapKit */; };
		FF8689802B6A59AE00D51EF4 /* SnapKit-Dynamic in Frameworks */ = {isa = PBXBuildFile; productRef = FF86897F2B6A59AE00D51EF4 /* SnapKit-Dynamic */; };
		FF8689832B6A5A2D00D51EF4 /* CombineMoya in Frameworks */ = {isa = PBXBuildFile; productRef = FF8689822B6A5A2D00D51EF4 /* CombineMoya */; };
		FF8689852B6A5A2D00D51EF4 /* Moya in Frameworks */ = {isa = PBXBuildFile; productRef = FF8689842B6A5A2D00D51EF4 /* Moya */; };
		FF8689872B6A5A2D00D51EF4 /* ReactiveMoya in Frameworks */ = {isa = PBXBuildFile; productRef = FF8689862B6A5A2D00D51EF4 /* ReactiveMoya */; };
		FF8689892B6A5A2D00D51EF4 /* RxMoya in Frameworks */ = {isa = PBXBuildFile; productRef = FF8689882B6A5A2D00D51EF4 /* RxMoya */; };
		FF86898C2B6A5A7D00D51EF4 /* KeychainSwift in Frameworks */ = {isa = PBXBuildFile; productRef = FF86898B2B6A5A7D00D51EF4 /* KeychainSwift */; };
		FF86898F2B6A5B4100D51EF4 /* RxBlocking in Frameworks */ = {isa = PBXBuildFile; productRef = FF86898E2B6A5B4100D51EF4 /* RxBlocking */; };
		FF8689912B6A5B4100D51EF4 /* RxBlocking-Dynamic in Frameworks */ = {isa = PBXBuildFile; productRef = FF8689902B6A5B4100D51EF4 /* RxBlocking-Dynamic */; };
		FF8689932B6A5B4100D51EF4 /* RxCocoa in Frameworks */ = {isa = PBXBuildFile; productRef = FF8689922B6A5B4100D51EF4 /* RxCocoa */; };
		FF8689952B6A5B4100D51EF4 /* RxCocoa-Dynamic in Frameworks */ = {isa = PBXBuildFile; productRef = FF8689942B6A5B4100D51EF4 /* RxCocoa-Dynamic */; };
		FF8689972B6A5B4100D51EF4 /* RxRelay in Frameworks */ = {isa = PBXBuildFile; productRef = FF8689962B6A5B4100D51EF4 /* RxRelay */; };
		FF8689992B6A5B4100D51EF4 /* RxRelay-Dynamic in Frameworks */ = {isa = PBXBuildFile; productRef = FF8689982B6A5B4100D51EF4 /* RxRelay-Dynamic */; };
		FF86899B2B6A5B4100D51EF4 /* RxSwift in Frameworks */ = {isa = PBXBuildFile; productRef = FF86899A2B6A5B4100D51EF4 /* RxSwift */; };
		FF86899D2B6A5B4100D51EF4 /* RxSwift-Dynamic in Frameworks */ = {isa = PBXBuildFile; productRef = FF86899C2B6A5B4100D51EF4 /* RxSwift-Dynamic */; };
		FF86899F2B6A5B4100D51EF4 /* RxTest in Frameworks */ = {isa = PBXBuildFile; productRef = FF86899E2B6A5B4100D51EF4 /* RxTest */; };
		FF8689A12B6A5B4100D51EF4 /* RxTest-Dynamic in Frameworks */ = {isa = PBXBuildFile; productRef = FF8689A02B6A5B4100D51EF4 /* RxTest-Dynamic */; };
/* End PBXBuildFile section */

/* Begin PBXFileReference section */
		1031EC6A2B6691370016655B /* dnd-10th-9.app */ = {isa = PBXFileReference; explicitFileType = wrapper.application; includeInIndex = 0; path = "dnd-10th-9.app"; sourceTree = BUILT_PRODUCTS_DIR; };
		1031EC6D2B6691370016655B /* dnd_10th_9App.swift */ = {isa = PBXFileReference; lastKnownFileType = sourcecode.swift; path = dnd_10th_9App.swift; sourceTree = "<group>"; };
		1031EC6F2B6691370016655B /* ContentView.swift */ = {isa = PBXFileReference; lastKnownFileType = sourcecode.swift; path = ContentView.swift; sourceTree = "<group>"; };
		1031EC712B6691390016655B /* Assets.xcassets */ = {isa = PBXFileReference; lastKnownFileType = folder.assetcatalog; path = Assets.xcassets; sourceTree = "<group>"; };
		1031EC742B6691390016655B /* Preview Assets.xcassets */ = {isa = PBXFileReference; lastKnownFileType = folder.assetcatalog; path = "Preview Assets.xcassets"; sourceTree = "<group>"; };
		FF1A6C2B2B6C758B00B6D156 /* DotchiMoyaProvider.swift */ = {isa = PBXFileReference; lastKnownFileType = sourcecode.swift; path = DotchiMoyaProvider.swift; sourceTree = "<group>"; };
		FF1A6C2D2B6C760F00B6D156 /* BaseResponseType.swift */ = {isa = PBXFileReference; lastKnownFileType = sourcecode.swift; path = BaseResponseType.swift; sourceTree = "<group>"; };
		FF1A6C2F2B6FE6DE00B6D156 /* APIConstants.swift */ = {isa = PBXFileReference; lastKnownFileType = sourcecode.swift; path = APIConstants.swift; sourceTree = "<group>"; };
		FF1A6C312B6FE6F300B6D156 /* NetworkResult.swift */ = {isa = PBXFileReference; lastKnownFileType = sourcecode.swift; path = NetworkResult.swift; sourceTree = "<group>"; };
		FF1A6C342B7098BB00B6D156 /* Environment.swift */ = {isa = PBXFileReference; lastKnownFileType = sourcecode.swift; path = Environment.swift; sourceTree = "<group>"; };
		FF1A6C362B709CFF00B6D156 /* BaseService.swift */ = {isa = PBXFileReference; lastKnownFileType = sourcecode.swift; path = BaseService.swift; sourceTree = "<group>"; };
		FF1A6C382B709D2400B6D156 /* AuthService.swift */ = {isa = PBXFileReference; lastKnownFileType = sourcecode.swift; path = AuthService.swift; sourceTree = "<group>"; };
		FF1A6C3A2B70A1A900B6D156 /* AuthRouter.swift */ = {isa = PBXFileReference; lastKnownFileType = sourcecode.swift; path = AuthRouter.swift; sourceTree = "<group>"; };
		FF1A6C3F2B70A20000B6D156 /* SocialLoginResponseDTO.swift */ = {isa = PBXFileReference; lastKnownFileType = sourcecode.swift; path = SocialLoginResponseDTO.swift; sourceTree = "<group>"; };
		FF1A6C412B70A21200B6D156 /* SocialLoginRequestDTO.swift */ = {isa = PBXFileReference; lastKnownFileType = sourcecode.swift; path = SocialLoginRequestDTO.swift; sourceTree = "<group>"; };
		FF1A6C432B70A22900B6D156 /* NetworkLoggerPlugin.swift */ = {isa = PBXFileReference; lastKnownFileType = sourcecode.swift; path = NetworkLoggerPlugin.swift; sourceTree = "<group>"; };
/* End PBXFileReference section */

/* Begin PBXFrameworksBuildPhase section */
		1031EC672B6691370016655B /* Frameworks */ = {
			isa = PBXFrameworksBuildPhase;
			buildActionMask = 2147483647;
			files = (
				FF86899F2B6A5B4100D51EF4 /* RxTest in Frameworks */,
				FF8689892B6A5A2D00D51EF4 /* RxMoya in Frameworks */,
				FF86899D2B6A5B4100D51EF4 /* RxSwift-Dynamic in Frameworks */,
				FF86897E2B6A59AE00D51EF4 /* SnapKit in Frameworks */,
				FF8689932B6A5B4100D51EF4 /* RxCocoa in Frameworks */,
				FF8689802B6A59AE00D51EF4 /* SnapKit-Dynamic in Frameworks */,
				FF86898C2B6A5A7D00D51EF4 /* KeychainSwift in Frameworks */,
				FF8689852B6A5A2D00D51EF4 /* Moya in Frameworks */,
				FF86899B2B6A5B4100D51EF4 /* RxSwift in Frameworks */,
				FF8689972B6A5B4100D51EF4 /* RxRelay in Frameworks */,
				FF8689992B6A5B4100D51EF4 /* RxRelay-Dynamic in Frameworks */,
				FF86898F2B6A5B4100D51EF4 /* RxBlocking in Frameworks */,
				FF8689912B6A5B4100D51EF4 /* RxBlocking-Dynamic in Frameworks */,
				FF8689872B6A5A2D00D51EF4 /* ReactiveMoya in Frameworks */,
				FF8689A12B6A5B4100D51EF4 /* RxTest-Dynamic in Frameworks */,
				FF8689832B6A5A2D00D51EF4 /* CombineMoya in Frameworks */,
				FF8689952B6A5B4100D51EF4 /* RxCocoa-Dynamic in Frameworks */,
			);
			runOnlyForDeploymentPostprocessing = 0;
		};
/* End PBXFrameworksBuildPhase section */

/* Begin PBXGroup section */
		1031EC612B6691370016655B = {
			isa = PBXGroup;
			children = (
				1031EC6C2B6691370016655B /* dnd-10th-9 */,
				1031EC6B2B6691370016655B /* Products */,
			);
			sourceTree = "<group>";
		};
		1031EC6B2B6691370016655B /* Products */ = {
			isa = PBXGroup;
			children = (
				1031EC6A2B6691370016655B /* dnd-10th-9.app */,
			);
			name = Products;
			sourceTree = "<group>";
		};
		1031EC6C2B6691370016655B /* dnd-10th-9 */ = {
			isa = PBXGroup;
			children = (
				FF1A6C332B7098AB00B6D156 /* Supprots */,
				FF8689A22B6A645C00D51EF4 /* Network */,
				1031EC6D2B6691370016655B /* dnd_10th_9App.swift */,
				1031EC6F2B6691370016655B /* ContentView.swift */,
				1031EC712B6691390016655B /* Assets.xcassets */,
				1031EC732B6691390016655B /* Preview Content */,
			);
			path = "dnd-10th-9";
			sourceTree = "<group>";
		};
		1031EC732B6691390016655B /* Preview Content */ = {
			isa = PBXGroup;
			children = (
				1031EC742B6691390016655B /* Preview Assets.xcassets */,
			);
			path = "Preview Content";
			sourceTree = "<group>";
		};
		FF1A6C332B7098AB00B6D156 /* Supprots */ = {
			isa = PBXGroup;
			children = (
				FF1A6C342B7098BB00B6D156 /* Environment.swift */,
			);
			path = Supprots;
			sourceTree = "<group>";
		};
		FF1A6C3C2B70A1E200B6D156 /* Auth */ = {
			isa = PBXGroup;
			children = (
				FF1A6C3E2B70A1EC00B6D156 /* Request */,
				FF1A6C3D2B70A1E700B6D156 /* Response */,
			);
			path = Auth;
			sourceTree = "<group>";
		};
		FF1A6C3D2B70A1E700B6D156 /* Response */ = {
			isa = PBXGroup;
			children = (
				FF1A6C3F2B70A20000B6D156 /* SocialLoginResponseDTO.swift */,
			);
			path = Response;
			sourceTree = "<group>";
		};
		FF1A6C3E2B70A1EC00B6D156 /* Request */ = {
			isa = PBXGroup;
			children = (
				FF1A6C412B70A21200B6D156 /* SocialLoginRequestDTO.swift */,
			);
			path = Request;
			sourceTree = "<group>";
		};
		FF8689A22B6A645C00D51EF4 /* Network */ = {
			isa = PBXGroup;
			children = (
				FF8689A52B6A649A00D51EF4 /* Essentials */,
				FF8689A32B6A647700D51EF4 /* Services */,
				FF8689A42B6A648400D51EF4 /* Routers */,
				FF8689A62B6A64B200D51EF4 /* DTO */,
				FF1A6C432B70A22900B6D156 /* NetworkLoggerPlugin.swift */,
			);
			path = Network;
			sourceTree = "<group>";
		};
		FF8689A32B6A647700D51EF4 /* Services */ = {
			isa = PBXGroup;
			children = (
				FF1A6C362B709CFF00B6D156 /* BaseService.swift */,
				FF1A6C382B709D2400B6D156 /* AuthService.swift */,
			);
			path = Services;
			sourceTree = "<group>";
		};
		FF8689A42B6A648400D51EF4 /* Routers */ = {
			isa = PBXGroup;
			children = (
				FF1A6C3A2B70A1A900B6D156 /* AuthRouter.swift */,
			);
			path = Routers;
			sourceTree = "<group>";
		};
		FF8689A52B6A649A00D51EF4 /* Essentials */ = {
			isa = PBXGroup;
			children = (
				FF1A6C2B2B6C758B00B6D156 /* DotchiMoyaProvider.swift */,
				FF1A6C2D2B6C760F00B6D156 /* BaseResponseType.swift */,
				FF1A6C2F2B6FE6DE00B6D156 /* APIConstants.swift */,
				FF1A6C312B6FE6F300B6D156 /* NetworkResult.swift */,
			);
			path = Essentials;
			sourceTree = "<group>";
		};
		FF8689A62B6A64B200D51EF4 /* DTO */ = {
			isa = PBXGroup;
			children = (
				FF1A6C3C2B70A1E200B6D156 /* Auth */,
			);
			path = DTO;
			sourceTree = "<group>";
		};
/* End PBXGroup section */

/* Begin PBXNativeTarget section */
		1031EC692B6691370016655B /* dnd-10th-9 */ = {
			isa = PBXNativeTarget;
			buildConfigurationList = 1031EC782B6691390016655B /* Build configuration list for PBXNativeTarget "dnd-10th-9" */;
			buildPhases = (
				1031EC662B6691370016655B /* Sources */,
				1031EC672B6691370016655B /* Frameworks */,
				1031EC682B6691370016655B /* Resources */,
			);
			buildRules = (
			);
			dependencies = (
			);
			name = "dnd-10th-9";
			packageProductDependencies = (
				FF86897D2B6A59AE00D51EF4 /* SnapKit */,
				FF86897F2B6A59AE00D51EF4 /* SnapKit-Dynamic */,
				FF8689822B6A5A2D00D51EF4 /* CombineMoya */,
				FF8689842B6A5A2D00D51EF4 /* Moya */,
				FF8689862B6A5A2D00D51EF4 /* ReactiveMoya */,
				FF8689882B6A5A2D00D51EF4 /* RxMoya */,
				FF86898B2B6A5A7D00D51EF4 /* KeychainSwift */,
				FF86898E2B6A5B4100D51EF4 /* RxBlocking */,
				FF8689902B6A5B4100D51EF4 /* RxBlocking-Dynamic */,
				FF8689922B6A5B4100D51EF4 /* RxCocoa */,
				FF8689942B6A5B4100D51EF4 /* RxCocoa-Dynamic */,
				FF8689962B6A5B4100D51EF4 /* RxRelay */,
				FF8689982B6A5B4100D51EF4 /* RxRelay-Dynamic */,
				FF86899A2B6A5B4100D51EF4 /* RxSwift */,
				FF86899C2B6A5B4100D51EF4 /* RxSwift-Dynamic */,
				FF86899E2B6A5B4100D51EF4 /* RxTest */,
				FF8689A02B6A5B4100D51EF4 /* RxTest-Dynamic */,
			);
			productName = "dnd-10th-9";
			productReference = 1031EC6A2B6691370016655B /* dnd-10th-9.app */;
			productType = "com.apple.product-type.application";
		};
/* End PBXNativeTarget section */

/* Begin PBXProject section */
		1031EC622B6691370016655B /* Project object */ = {
			isa = PBXProject;
			attributes = {
				BuildIndependentTargetsInParallel = 1;
				LastSwiftUpdateCheck = 1510;
				LastUpgradeCheck = 1510;
				TargetAttributes = {
					1031EC692B6691370016655B = {
						CreatedOnToolsVersion = 15.1;
					};
				};
			};
			buildConfigurationList = 1031EC652B6691370016655B /* Build configuration list for PBXProject "dnd-10th-9" */;
			compatibilityVersion = "Xcode 14.0";
			developmentRegion = en;
			hasScannedForEncodings = 0;
			knownRegions = (
				en,
				Base,
			);
			mainGroup = 1031EC612B6691370016655B;
			packageReferences = (
				FF86897C2B6A59AE00D51EF4 /* XCRemoteSwiftPackageReference "SnapKit" */,
				FF8689812B6A5A2D00D51EF4 /* XCRemoteSwiftPackageReference "Moya" */,
				FF86898A2B6A5A7D00D51EF4 /* XCRemoteSwiftPackageReference "keychain-swift" */,
				FF86898D2B6A5B4100D51EF4 /* XCRemoteSwiftPackageReference "RxSwift" */,
			);
			productRefGroup = 1031EC6B2B6691370016655B /* Products */;
			projectDirPath = "";
			projectRoot = "";
			targets = (
				1031EC692B6691370016655B /* dnd-10th-9 */,
			);
		};
/* End PBXProject section */

/* Begin PBXResourcesBuildPhase section */
		1031EC682B6691370016655B /* Resources */ = {
			isa = PBXResourcesBuildPhase;
			buildActionMask = 2147483647;
			files = (
				1031EC752B6691390016655B /* Preview Assets.xcassets in Resources */,
				1031EC722B6691390016655B /* Assets.xcassets in Resources */,
			);
			runOnlyForDeploymentPostprocessing = 0;
		};
/* End PBXResourcesBuildPhase section */

/* Begin PBXSourcesBuildPhase section */
		1031EC662B6691370016655B /* Sources */ = {
			isa = PBXSourcesBuildPhase;
			buildActionMask = 2147483647;
			files = (
				FF1A6C402B70A20000B6D156 /* SocialLoginResponseDTO.swift in Sources */,
				FF1A6C442B70A22900B6D156 /* NetworkLoggerPlugin.swift in Sources */,
				FF1A6C372B709CFF00B6D156 /* BaseService.swift in Sources */,
				FF1A6C422B70A21200B6D156 /* SocialLoginRequestDTO.swift in Sources */,
				1031EC702B6691370016655B /* ContentView.swift in Sources */,
				FF1A6C3B2B70A1A900B6D156 /* AuthRouter.swift in Sources */,
				FF1A6C302B6FE6DE00B6D156 /* APIConstants.swift in Sources */,
				FF1A6C392B709D2400B6D156 /* AuthService.swift in Sources */,
				FF1A6C2E2B6C760F00B6D156 /* BaseResponseType.swift in Sources */,
				FF1A6C352B7098BB00B6D156 /* Environment.swift in Sources */,
				FF1A6C322B6FE6F300B6D156 /* NetworkResult.swift in Sources */,
				FF1A6C2C2B6C758B00B6D156 /* DotchiMoyaProvider.swift in Sources */,
				1031EC6E2B6691370016655B /* dnd_10th_9App.swift in Sources */,
			);
			runOnlyForDeploymentPostprocessing = 0;
		};
/* End PBXSourcesBuildPhase section */

/* Begin XCBuildConfiguration section */
		1031EC762B6691390016655B /* Debug */ = {
			isa = XCBuildConfiguration;
			buildSettings = {
				ALWAYS_SEARCH_USER_PATHS = NO;
				ASSETCATALOG_COMPILER_GENERATE_SWIFT_ASSET_SYMBOL_EXTENSIONS = YES;
				CLANG_ANALYZER_NONNULL = YES;
				CLANG_ANALYZER_NUMBER_OBJECT_CONVERSION = YES_AGGRESSIVE;
				CLANG_CXX_LANGUAGE_STANDARD = "gnu++20";
				CLANG_ENABLE_MODULES = YES;
				CLANG_ENABLE_OBJC_ARC = YES;
				CLANG_ENABLE_OBJC_WEAK = YES;
				CLANG_WARN_BLOCK_CAPTURE_AUTORELEASING = YES;
				CLANG_WARN_BOOL_CONVERSION = YES;
				CLANG_WARN_COMMA = YES;
				CLANG_WARN_CONSTANT_CONVERSION = YES;
				CLANG_WARN_DEPRECATED_OBJC_IMPLEMENTATIONS = YES;
				CLANG_WARN_DIRECT_OBJC_ISA_USAGE = YES_ERROR;
				CLANG_WARN_DOCUMENTATION_COMMENTS = YES;
				CLANG_WARN_EMPTY_BODY = YES;
				CLANG_WARN_ENUM_CONVERSION = YES;
				CLANG_WARN_INFINITE_RECURSION = YES;
				CLANG_WARN_INT_CONVERSION = YES;
				CLANG_WARN_NON_LITERAL_NULL_CONVERSION = YES;
				CLANG_WARN_OBJC_IMPLICIT_RETAIN_SELF = YES;
				CLANG_WARN_OBJC_LITERAL_CONVERSION = YES;
				CLANG_WARN_OBJC_ROOT_CLASS = YES_ERROR;
				CLANG_WARN_QUOTED_INCLUDE_IN_FRAMEWORK_HEADER = YES;
				CLANG_WARN_RANGE_LOOP_ANALYSIS = YES;
				CLANG_WARN_STRICT_PROTOTYPES = YES;
				CLANG_WARN_SUSPICIOUS_MOVE = YES;
				CLANG_WARN_UNGUARDED_AVAILABILITY = YES_AGGRESSIVE;
				CLANG_WARN_UNREACHABLE_CODE = YES;
				CLANG_WARN__DUPLICATE_METHOD_MATCH = YES;
				COPY_PHASE_STRIP = NO;
				DEBUG_INFORMATION_FORMAT = dwarf;
				ENABLE_STRICT_OBJC_MSGSEND = YES;
				ENABLE_TESTABILITY = YES;
				ENABLE_USER_SCRIPT_SANDBOXING = YES;
				GCC_C_LANGUAGE_STANDARD = gnu17;
				GCC_DYNAMIC_NO_PIC = NO;
				GCC_NO_COMMON_BLOCKS = YES;
				GCC_OPTIMIZATION_LEVEL = 0;
				GCC_PREPROCESSOR_DEFINITIONS = (
					"DEBUG=1",
					"$(inherited)",
				);
				GCC_WARN_64_TO_32_BIT_CONVERSION = YES;
				GCC_WARN_ABOUT_RETURN_TYPE = YES_ERROR;
				GCC_WARN_UNDECLARED_SELECTOR = YES;
				GCC_WARN_UNINITIALIZED_AUTOS = YES_AGGRESSIVE;
				GCC_WARN_UNUSED_FUNCTION = YES;
				GCC_WARN_UNUSED_VARIABLE = YES;
				IPHONEOS_DEPLOYMENT_TARGET = 17.2;
				LOCALIZATION_PREFERS_STRING_CATALOGS = YES;
				MTL_ENABLE_DEBUG_INFO = INCLUDE_SOURCE;
				MTL_FAST_MATH = YES;
				ONLY_ACTIVE_ARCH = YES;
				SDKROOT = iphoneos;
				SWIFT_ACTIVE_COMPILATION_CONDITIONS = "DEBUG $(inherited)";
				SWIFT_OPTIMIZATION_LEVEL = "-Onone";
			};
			name = Debug;
		};
		1031EC772B6691390016655B /* Release */ = {
			isa = XCBuildConfiguration;
			buildSettings = {
				ALWAYS_SEARCH_USER_PATHS = NO;
				ASSETCATALOG_COMPILER_GENERATE_SWIFT_ASSET_SYMBOL_EXTENSIONS = YES;
				CLANG_ANALYZER_NONNULL = YES;
				CLANG_ANALYZER_NUMBER_OBJECT_CONVERSION = YES_AGGRESSIVE;
				CLANG_CXX_LANGUAGE_STANDARD = "gnu++20";
				CLANG_ENABLE_MODULES = YES;
				CLANG_ENABLE_OBJC_ARC = YES;
				CLANG_ENABLE_OBJC_WEAK = YES;
				CLANG_WARN_BLOCK_CAPTURE_AUTORELEASING = YES;
				CLANG_WARN_BOOL_CONVERSION = YES;
				CLANG_WARN_COMMA = YES;
				CLANG_WARN_CONSTANT_CONVERSION = YES;
				CLANG_WARN_DEPRECATED_OBJC_IMPLEMENTATIONS = YES;
				CLANG_WARN_DIRECT_OBJC_ISA_USAGE = YES_ERROR;
				CLANG_WARN_DOCUMENTATION_COMMENTS = YES;
				CLANG_WARN_EMPTY_BODY = YES;
				CLANG_WARN_ENUM_CONVERSION = YES;
				CLANG_WARN_INFINITE_RECURSION = YES;
				CLANG_WARN_INT_CONVERSION = YES;
				CLANG_WARN_NON_LITERAL_NULL_CONVERSION = YES;
				CLANG_WARN_OBJC_IMPLICIT_RETAIN_SELF = YES;
				CLANG_WARN_OBJC_LITERAL_CONVERSION = YES;
				CLANG_WARN_OBJC_ROOT_CLASS = YES_ERROR;
				CLANG_WARN_QUOTED_INCLUDE_IN_FRAMEWORK_HEADER = YES;
				CLANG_WARN_RANGE_LOOP_ANALYSIS = YES;
				CLANG_WARN_STRICT_PROTOTYPES = YES;
				CLANG_WARN_SUSPICIOUS_MOVE = YES;
				CLANG_WARN_UNGUARDED_AVAILABILITY = YES_AGGRESSIVE;
				CLANG_WARN_UNREACHABLE_CODE = YES;
				CLANG_WARN__DUPLICATE_METHOD_MATCH = YES;
				COPY_PHASE_STRIP = NO;
				DEBUG_INFORMATION_FORMAT = "dwarf-with-dsym";
				ENABLE_NS_ASSERTIONS = NO;
				ENABLE_STRICT_OBJC_MSGSEND = YES;
				ENABLE_USER_SCRIPT_SANDBOXING = YES;
				GCC_C_LANGUAGE_STANDARD = gnu17;
				GCC_NO_COMMON_BLOCKS = YES;
				GCC_WARN_64_TO_32_BIT_CONVERSION = YES;
				GCC_WARN_ABOUT_RETURN_TYPE = YES_ERROR;
				GCC_WARN_UNDECLARED_SELECTOR = YES;
				GCC_WARN_UNINITIALIZED_AUTOS = YES_AGGRESSIVE;
				GCC_WARN_UNUSED_FUNCTION = YES;
				GCC_WARN_UNUSED_VARIABLE = YES;
				IPHONEOS_DEPLOYMENT_TARGET = 17.2;
				LOCALIZATION_PREFERS_STRING_CATALOGS = YES;
				MTL_ENABLE_DEBUG_INFO = NO;
				MTL_FAST_MATH = YES;
				SDKROOT = iphoneos;
				SWIFT_COMPILATION_MODE = wholemodule;
				VALIDATE_PRODUCT = YES;
			};
			name = Release;
		};
		1031EC792B6691390016655B /* Debug */ = {
			isa = XCBuildConfiguration;
			buildSettings = {
				ASSETCATALOG_COMPILER_APPICON_NAME = AppIcon;
				ASSETCATALOG_COMPILER_GLOBAL_ACCENT_COLOR_NAME = AccentColor;
				CODE_SIGN_STYLE = Automatic;
				CURRENT_PROJECT_VERSION = 1;
				DEVELOPMENT_ASSET_PATHS = "\"dnd-10th-9/Preview Content\"";
				DEVELOPMENT_TEAM = N4RT4KGQK9;
				ENABLE_PREVIEWS = YES;
				GENERATE_INFOPLIST_FILE = YES;
				INFOPLIST_KEY_UIApplicationSceneManifest_Generation = YES;
				INFOPLIST_KEY_UIApplicationSupportsIndirectInputEvents = YES;
				INFOPLIST_KEY_UILaunchScreen_Generation = YES;
				INFOPLIST_KEY_UISupportedInterfaceOrientations_iPad = "UIInterfaceOrientationPortrait UIInterfaceOrientationPortraitUpsideDown UIInterfaceOrientationLandscapeLeft UIInterfaceOrientationLandscapeRight";
				INFOPLIST_KEY_UISupportedInterfaceOrientations_iPhone = "UIInterfaceOrientationPortrait UIInterfaceOrientationLandscapeLeft UIInterfaceOrientationLandscapeRight";
				IPHONEOS_DEPLOYMENT_TARGET = 17.0;
				LD_RUNPATH_SEARCH_PATHS = (
					"$(inherited)",
					"@executable_path/Frameworks",
				);
				MARKETING_VERSION = 1.0;
				PRODUCT_BUNDLE_IDENTIFIER = "com.dnd.dnd-10th-9";
				PRODUCT_NAME = "$(TARGET_NAME)";
				SWIFT_EMIT_LOC_STRINGS = YES;
				SWIFT_VERSION = 5.0;
				TARGETED_DEVICE_FAMILY = "1,2";
			};
			name = Debug;
		};
		1031EC7A2B6691390016655B /* Release */ = {
			isa = XCBuildConfiguration;
			buildSettings = {
				ASSETCATALOG_COMPILER_APPICON_NAME = AppIcon;
				ASSETCATALOG_COMPILER_GLOBAL_ACCENT_COLOR_NAME = AccentColor;
				CODE_SIGN_STYLE = Automatic;
				CURRENT_PROJECT_VERSION = 1;
				DEVELOPMENT_ASSET_PATHS = "\"dnd-10th-9/Preview Content\"";
				DEVELOPMENT_TEAM = N4RT4KGQK9;
				ENABLE_PREVIEWS = YES;
				GENERATE_INFOPLIST_FILE = YES;
				INFOPLIST_KEY_UIApplicationSceneManifest_Generation = YES;
				INFOPLIST_KEY_UIApplicationSupportsIndirectInputEvents = YES;
				INFOPLIST_KEY_UILaunchScreen_Generation = YES;
				INFOPLIST_KEY_UISupportedInterfaceOrientations_iPad = "UIInterfaceOrientationPortrait UIInterfaceOrientationPortraitUpsideDown UIInterfaceOrientationLandscapeLeft UIInterfaceOrientationLandscapeRight";
				INFOPLIST_KEY_UISupportedInterfaceOrientations_iPhone = "UIInterfaceOrientationPortrait UIInterfaceOrientationLandscapeLeft UIInterfaceOrientationLandscapeRight";
				IPHONEOS_DEPLOYMENT_TARGET = 17.0;
				LD_RUNPATH_SEARCH_PATHS = (
					"$(inherited)",
					"@executable_path/Frameworks",
				);
				MARKETING_VERSION = 1.0;
				PRODUCT_BUNDLE_IDENTIFIER = "com.dnd.dnd-10th-9";
				PRODUCT_NAME = "$(TARGET_NAME)";
				SWIFT_EMIT_LOC_STRINGS = YES;
				SWIFT_VERSION = 5.0;
				TARGETED_DEVICE_FAMILY = "1,2";
			};
			name = Release;
		};
/* End XCBuildConfiguration section */

/* Begin XCConfigurationList section */
		1031EC652B6691370016655B /* Build configuration list for PBXProject "dnd-10th-9" */ = {
			isa = XCConfigurationList;
			buildConfigurations = (
				1031EC762B6691390016655B /* Debug */,
				1031EC772B6691390016655B /* Release */,
			);
			defaultConfigurationIsVisible = 0;
			defaultConfigurationName = Release;
		};
		1031EC782B6691390016655B /* Build configuration list for PBXNativeTarget "dnd-10th-9" */ = {
			isa = XCConfigurationList;
			buildConfigurations = (
				1031EC792B6691390016655B /* Debug */,
				1031EC7A2B6691390016655B /* Release */,
			);
			defaultConfigurationIsVisible = 0;
			defaultConfigurationName = Release;
		};
/* End XCConfigurationList section */

/* Begin XCRemoteSwiftPackageReference section */
		FF86897C2B6A59AE00D51EF4 /* XCRemoteSwiftPackageReference "SnapKit" */ = {
			isa = XCRemoteSwiftPackageReference;
			repositoryURL = "https://github.com/SnapKit/SnapKit.git";
			requirement = {
				kind = upToNextMajorVersion;
				minimumVersion = 5.7.0;
			};
		};
		FF8689812B6A5A2D00D51EF4 /* XCRemoteSwiftPackageReference "Moya" */ = {
			isa = XCRemoteSwiftPackageReference;
			repositoryURL = "https://github.com/Moya/Moya.git";
			requirement = {
				kind = upToNextMajorVersion;
				minimumVersion = 15.0.3;
			};
		};
		FF86898A2B6A5A7D00D51EF4 /* XCRemoteSwiftPackageReference "keychain-swift" */ = {
			isa = XCRemoteSwiftPackageReference;
			repositoryURL = "https://github.com/evgenyneu/keychain-swift.git";
			requirement = {
				kind = upToNextMajorVersion;
				minimumVersion = 21.0.0;
			};
		};
		FF86898D2B6A5B4100D51EF4 /* XCRemoteSwiftPackageReference "RxSwift" */ = {
			isa = XCRemoteSwiftPackageReference;
			repositoryURL = "https://github.com/ReactiveX/RxSwift.git";
			requirement = {
				kind = upToNextMajorVersion;
				minimumVersion = 6.6.0;
			};
		};
/* End XCRemoteSwiftPackageReference section */

/* Begin XCSwiftPackageProductDependency section */
		FF86897D2B6A59AE00D51EF4 /* SnapKit */ = {
			isa = XCSwiftPackageProductDependency;
			package = FF86897C2B6A59AE00D51EF4 /* XCRemoteSwiftPackageReference "SnapKit" */;
			productName = SnapKit;
		};
		FF86897F2B6A59AE00D51EF4 /* SnapKit-Dynamic */ = {
			isa = XCSwiftPackageProductDependency;
			package = FF86897C2B6A59AE00D51EF4 /* XCRemoteSwiftPackageReference "SnapKit" */;
			productName = "SnapKit-Dynamic";
		};
		FF8689822B6A5A2D00D51EF4 /* CombineMoya */ = {
			isa = XCSwiftPackageProductDependency;
			package = FF8689812B6A5A2D00D51EF4 /* XCRemoteSwiftPackageReference "Moya" */;
			productName = CombineMoya;
		};
		FF8689842B6A5A2D00D51EF4 /* Moya */ = {
			isa = XCSwiftPackageProductDependency;
			package = FF8689812B6A5A2D00D51EF4 /* XCRemoteSwiftPackageReference "Moya" */;
			productName = Moya;
		};
		FF8689862B6A5A2D00D51EF4 /* ReactiveMoya */ = {
			isa = XCSwiftPackageProductDependency;
			package = FF8689812B6A5A2D00D51EF4 /* XCRemoteSwiftPackageReference "Moya" */;
			productName = ReactiveMoya;
		};
		FF8689882B6A5A2D00D51EF4 /* RxMoya */ = {
			isa = XCSwiftPackageProductDependency;
			package = FF8689812B6A5A2D00D51EF4 /* XCRemoteSwiftPackageReference "Moya" */;
			productName = RxMoya;
		};
		FF86898B2B6A5A7D00D51EF4 /* KeychainSwift */ = {
			isa = XCSwiftPackageProductDependency;
			package = FF86898A2B6A5A7D00D51EF4 /* XCRemoteSwiftPackageReference "keychain-swift" */;
			productName = KeychainSwift;
		};
		FF86898E2B6A5B4100D51EF4 /* RxBlocking */ = {
			isa = XCSwiftPackageProductDependency;
			package = FF86898D2B6A5B4100D51EF4 /* XCRemoteSwiftPackageReference "RxSwift" */;
			productName = RxBlocking;
		};
		FF8689902B6A5B4100D51EF4 /* RxBlocking-Dynamic */ = {
			isa = XCSwiftPackageProductDependency;
			package = FF86898D2B6A5B4100D51EF4 /* XCRemoteSwiftPackageReference "RxSwift" */;
			productName = "RxBlocking-Dynamic";
		};
		FF8689922B6A5B4100D51EF4 /* RxCocoa */ = {
			isa = XCSwiftPackageProductDependency;
			package = FF86898D2B6A5B4100D51EF4 /* XCRemoteSwiftPackageReference "RxSwift" */;
			productName = RxCocoa;
		};
		FF8689942B6A5B4100D51EF4 /* RxCocoa-Dynamic */ = {
			isa = XCSwiftPackageProductDependency;
			package = FF86898D2B6A5B4100D51EF4 /* XCRemoteSwiftPackageReference "RxSwift" */;
			productName = "RxCocoa-Dynamic";
		};
		FF8689962B6A5B4100D51EF4 /* RxRelay */ = {
			isa = XCSwiftPackageProductDependency;
			package = FF86898D2B6A5B4100D51EF4 /* XCRemoteSwiftPackageReference "RxSwift" */;
			productName = RxRelay;
		};
		FF8689982B6A5B4100D51EF4 /* RxRelay-Dynamic */ = {
			isa = XCSwiftPackageProductDependency;
			package = FF86898D2B6A5B4100D51EF4 /* XCRemoteSwiftPackageReference "RxSwift" */;
			productName = "RxRelay-Dynamic";
		};
		FF86899A2B6A5B4100D51EF4 /* RxSwift */ = {
			isa = XCSwiftPackageProductDependency;
			package = FF86898D2B6A5B4100D51EF4 /* XCRemoteSwiftPackageReference "RxSwift" */;
			productName = RxSwift;
		};
		FF86899C2B6A5B4100D51EF4 /* RxSwift-Dynamic */ = {
			isa = XCSwiftPackageProductDependency;
			package = FF86898D2B6A5B4100D51EF4 /* XCRemoteSwiftPackageReference "RxSwift" */;
			productName = "RxSwift-Dynamic";
		};
		FF86899E2B6A5B4100D51EF4 /* RxTest */ = {
			isa = XCSwiftPackageProductDependency;
			package = FF86898D2B6A5B4100D51EF4 /* XCRemoteSwiftPackageReference "RxSwift" */;
			productName = RxTest;
		};
		FF8689A02B6A5B4100D51EF4 /* RxTest-Dynamic */ = {
			isa = XCSwiftPackageProductDependency;
			package = FF86898D2B6A5B4100D51EF4 /* XCRemoteSwiftPackageReference "RxSwift" */;
			productName = "RxTest-Dynamic";
		};
/* End XCSwiftPackageProductDependency section */
	};
	rootObject = 1031EC622B6691370016655B /* Project object */;
}
